
Microsoft Visual Studio Solution File, Format Version 12.00
# Visual Studio 15
VisualStudioVersion = 15.0.27130.2027
MinimumVisualStudioVersion = 10.0.40219.1
Project("{2150E333-8FDC-42A3-9474-1A3956D46DE8}") = "Member", "Member", "{03214D78-0E18-46B4-AFE1-19C06D5D27AC}"
EndProject
Project("{2150E333-8FDC-42A3-9474-1A3956D46DE8}") = "01.Libraries", "01.Libraries", "{A6613CAF-30A7-471B-A661-52D34D481943}"
EndProject
Project("{2150E333-8FDC-42A3-9474-1A3956D46DE8}") = "02.CoreServices", "02.CoreServices", "{4221A031-3665-41E5-8017-D499ED8F7A31}"
EndProject
Project("{2150E333-8FDC-42A3-9474-1A3956D46DE8}") = "Logging", "Logging", "{1E993341-DFAF-4959-BD2E-79989A24A3EB}"
EndProject
Project("{2150E333-8FDC-42A3-9474-1A3956D46DE8}") = "Notification", "Notification", "{9C6A3E2E-628A-4403-A721-2985B8A9A21D}"
EndProject
Project("{2150E333-8FDC-42A3-9474-1A3956D46DE8}") = "03.ezStore", "03.ezStore", "{895A0CB0-4717-43A3-ACC6-989C173B7D3E}"
EndProject
Project("{2150E333-8FDC-42A3-9474-1A3956D46DE8}") = "Setting", "Setting", "{072F6B48-1A82-4B16-900E-E86B11EC7DEA}"
EndProject
Project("{2150E333-8FDC-42A3-9474-1A3956D46DE8}") = "00.Documents", "00.Documents", "{27CF47C0-D490-4F3D-AA76-AC8DB3D48DC7}"
	ProjectSection(SolutionItems) = preProject
		..\LICENSE = ..\LICENSE
		..\README.md = ..\README.md
	EndProjectSection
EndProject
Project("{2150E333-8FDC-42A3-9474-1A3956D46DE8}") = "Product", "Product", "{6C586ECA-4A65-45F4-86A0-13AD1D3392CE}"
EndProject
Project("{9A19103F-16F7-4668-BE54-9A1E7A4F7556}") = "Microservice.Logging.API", "02.CoreServices\Logging\Microservice.Logging.API\Microservice.Logging.API.csproj", "{5420754F-FB11-4B18-AA78-A4622E635B2A}"
EndProject
Project("{9A19103F-16F7-4668-BE54-9A1E7A4F7556}") = "Microservice.Logging.BackgroundProcess", "02.CoreServices\Logging\Microservice.Logging.BackgroundProcess\Microservice.Logging.BackgroundProcess.csproj", "{6D96306D-A955-4DC7-8653-D76EE022F26B}"
EndProject
Project("{9A19103F-16F7-4668-BE54-9A1E7A4F7556}") = "Microservice.IdentityServer", "02.CoreServices\Member\Microservice.IdentityServer\Microservice.IdentityServer.csproj", "{17BB648F-36A4-4023-9A45-08A6D62B676B}"
EndProject
Project("{9A19103F-16F7-4668-BE54-9A1E7A4F7556}") = "Microservice.Notification.BackgroundProcess", "02.CoreServices\Notification\Microservice.Notification.BackgroundProcess\Microservice.Notification.BackgroundProcess.csproj", "{6064643F-B323-45B7-BD9B-20A4B6029E17}"
EndProject
Project("{2150E333-8FDC-42A3-9474-1A3956D46DE8}") = "k8s", "k8s", "{9CC383E6-C307-4003-AE6D-9376CC747F7C}"
	ProjectSection(SolutionItems) = preProject
		k8s\00-kubernetes-admin.bat = k8s\00-kubernetes-admin.bat
		k8s\01-build-db.bat = k8s\01-build-db.bat
		k8s\02-delete-db.bat = k8s\02-delete-db.bat
		k8s\02-deploy-db.bat = k8s\02-deploy-db.bat
		k8s\03-build-api.bat = k8s\03-build-api.bat
		k8s\04-delete-api.bat = k8s\04-delete-api.bat
		k8s\04-deploy-api.bat = k8s\04-deploy-api.bat
		k8s\05-build-webui.bat = k8s\05-build-webui.bat
		k8s\06-publish-webui-image.bat = k8s\06-publish-webui-image.bat
		k8s\07-deploy-webui.bat = k8s\07-deploy-webui.bat
		k8s\istio-01-install.bat = k8s\istio-01-install.bat
		k8s\istio-02-dashboard.bat = k8s\istio-02-dashboard.bat
		k8s\istio-03-rules.bat = k8s\istio-03-rules.bat
		k8s\istio-04-gateway.bat = k8s\istio-04-gateway.bat
		k8s\istio-05-setup-api.bat = k8s\istio-05-setup-api.bat
		k8s\istio-gateway.yaml = k8s\istio-gateway.yaml
		k8s\istio-rules.yaml = k8s\istio-rules.yaml
		k8s\k8s.service.api.yaml = k8s\k8s.service.api.yaml
		k8s\k8s.service.db.yaml = k8s\k8s.service.db.yaml
		k8s\k8s.webui.yaml = k8s\k8s.webui.yaml
	EndProjectSection
EndProject
Project("{E53339B2-1760-4266-BCC7-CA923CBCF16C}") = "docker-compose", "docker-compose.dcproj", "{9D62E8B8-5B03-44FF-BF78-5FB60AAFE514}"
EndProject
Project("{2150E333-8FDC-42A3-9474-1A3956D46DE8}") = "Order", "Order", "{4DF144CE-7FC3-4546-B563-DBC3B7D3E335}"
EndProject
Project("{2150E333-8FDC-42A3-9474-1A3956D46DE8}") = "Payment", "Payment", "{491C4893-A7D3-4627-854B-66D9B938F4FB}"
EndProject
Project("{2150E333-8FDC-42A3-9474-1A3956D46DE8}") = "WareHouse", "WareHouse", "{B0EFF83D-B524-4FB5-8A1D-17B2CD837AA7}"
EndProject
Project("{9A19103F-16F7-4668-BE54-9A1E7A4F7556}") = "ezStore.Product.Infrastructure", "03.ezStore\Product\ezStore.Product.Infrastructure\ezStore.Product.Infrastructure.csproj", "{AE440BFD-1A3B-4164-98FB-2502FE78C1D3}"
EndProject
Project("{9A19103F-16F7-4668-BE54-9A1E7A4F7556}") = "ezStore.Product.API", "03.ezStore\Product\ezStore.Product.API\ezStore.Product.API.csproj", "{C105EA27-FBCF-4167-A39A-4B07F2D5DC95}"
EndProject
Project("{9A19103F-16F7-4668-BE54-9A1E7A4F7556}") = "ezStore.WareHouse.API", "03.ezStore\WareHouse\ezStore.WareHouse.API\ezStore.WareHouse.API.csproj", "{9A473AC4-31F8-48CB-82B6-123AC62CB87C}"
EndProject
Project("{9A19103F-16F7-4668-BE54-9A1E7A4F7556}") = "ezStore.WareHouse.Infrastructure", "03.ezStore\WareHouse\ezStore.WareHouse.Infrastructure\ezStore.WareHouse.Infrastructure.csproj", "{31774590-1B48-4CB1-94B2-C4B0B4E5FADD}"
EndProject
Project("{9A19103F-16F7-4668-BE54-9A1E7A4F7556}") = "ezStore.Order.API", "03.ezStore\Order\ezStore.Order.API\ezStore.Order.API.csproj", "{81210200-57E9-4AF3-AE34-D18BA20DC4AC}"
EndProject
Project("{9A19103F-16F7-4668-BE54-9A1E7A4F7556}") = "ezStore.Order.Infrastructure", "03.ezStore\Order\ezStore.Order.Infrastructure\ezStore.Order.Infrastructure.csproj", "{ADC87C0E-B74C-42BA-9929-B4F53C00DA2E}"
EndProject
Project("{9A19103F-16F7-4668-BE54-9A1E7A4F7556}") = "ezStore.Payment.API", "03.ezStore\Payment\ezStore.Payment.API\ezStore.Payment.API.csproj", "{19B1EF2A-C879-442F-9EF0-B661510B4F4C}"
EndProject
Project("{9A19103F-16F7-4668-BE54-9A1E7A4F7556}") = "ezStore.Payment.Infrastructure", "03.ezStore\Payment\ezStore.Payment.Infrastructure\ezStore.Payment.Infrastructure.csproj", "{D7A26A28-01EF-415D-AADA-3C0D67D1E053}"
EndProject
Project("{9A19103F-16F7-4668-BE54-9A1E7A4F7556}") = "Microservice.Setting.Infrastructure", "02.CoreServices\Setting\Microservice.Setting.Infrastructure\Microservice.Setting.Infrastructure.csproj", "{4E03F142-517D-4EF4-A868-CB89A87F6C2F}"
EndProject
Project("{9A19103F-16F7-4668-BE54-9A1E7A4F7556}") = "Microservice.Setting.API", "02.CoreServices\Setting\Microservice.Setting.API\Microservice.Setting.API.csproj", "{3673FA51-6205-4F84-B50F-E00821B3801C}"
EndProject
Project("{9A19103F-16F7-4668-BE54-9A1E7A4F7556}") = "ezStore.WareHouse.ApplicationCore", "03.ezStore\WareHouse\ezStore.WareHouse.ApplicationCore\ezStore.WareHouse.ApplicationCore.csproj", "{D10CD0E8-AC36-4090-B204-3AAF61417B20}"
EndProject
Project("{9A19103F-16F7-4668-BE54-9A1E7A4F7556}") = "Microservice.Setting.ApplicationCore", "02.CoreServices\Setting\Microservice.Setting.ApplicationCore\Microservice.Setting.ApplicationCore.csproj", "{E75E6844-4E5C-4512-82AB-1722FC59AC8A}"
EndProject
Project("{9A19103F-16F7-4668-BE54-9A1E7A4F7556}") = "Microservice.Member.ApplicationCore", "02.CoreServices\Member\Microservice.Member.ApplicationCore\Microservice.Member.ApplicationCore.csproj", "{B6B99F05-D178-4487-A6FE-0D4ECB41B9F3}"
EndProject
Project("{9A19103F-16F7-4668-BE54-9A1E7A4F7556}") = "Microservice.Logging.ApplicationCore", "02.CoreServices\Logging\Microservice.Logging.ApplicationCore\Microservice.Logging.ApplicationCore.csproj", "{F0D01AA8-4CA3-4296-B8BE-E135FE004A90}"
EndProject
Project("{9A19103F-16F7-4668-BE54-9A1E7A4F7556}") = "ezStore.Payment.ApplicationCore", "03.ezStore\Payment\ezStore.Payment.ApplicationCore\ezStore.Payment.ApplicationCore.csproj", "{CFB9B8A8-E3A3-40D5-99DA-026FDC86F2B5}"
EndProject
Project("{9A19103F-16F7-4668-BE54-9A1E7A4F7556}") = "ezStore.Order.ApplicationCore", "03.ezStore\Order\ezStore.Order.ApplicationCore\ezStore.Order.ApplicationCore.csproj", "{9EE88D5E-4899-4B22-AC87-B3EAD9DCA6FD}"
EndProject
Project("{9A19103F-16F7-4668-BE54-9A1E7A4F7556}") = "ezStore.Product.ApplicationCore", "03.ezStore\Product\ezStore.Product.ApplicationCore\ezStore.Product.ApplicationCore.csproj", "{CDF94D85-55AF-4F53-939E-B3E9F1B03B19}"
EndProject
Project("{9A19103F-16F7-4668-BE54-9A1E7A4F7556}") = "ezStore.ApplicationEvents", "03.ezStore\ApplicationEvents\ezStore.ApplicationEvents.csproj", "{7E21FAD1-32A1-4793-9932-7FFDD4255FCD}"
EndProject
Project("{9A19103F-16F7-4668-BE54-9A1E7A4F7556}") = "Ws4vn.Microservices.ApplicationCore", "01.Libraries\Microservices.ApplicationCore\Ws4vn.Microservices.ApplicationCore.csproj", "{052E65AC-58BE-49D2-AEB6-EE1869AD618D}"
EndProject
Project("{9A19103F-16F7-4668-BE54-9A1E7A4F7556}") = "Ws4vn.Microservices.Infrastructure", "01.Libraries\Microservices.Infrastructure\Ws4vn.Microservices.Infrastructure.csproj", "{D62EE7EE-55D1-459B-8447-D643A8B696D2}"
EndProject
Project("{9A19103F-16F7-4668-BE54-9A1E7A4F7556}") = "Ws4vn.Microservices.Infrastructure.Sql", "01.Libraries\Microservices.Infrastructure.Sql\Ws4vn.Microservices.Infrastructure.Sql.csproj", "{FAA56B43-311B-41F1-8151-BE8763382519}"
EndProject
Project("{9A19103F-16F7-4668-BE54-9A1E7A4F7556}") = "Ws4vn.Microservices.Infrastructure.MongoDB", "01.Libraries\Microservices.Infrastructure.MongoDB\Ws4vn.Microservices.Infrastructure.MongoDB.csproj", "{5214A225-4040-4D8A-957D-912164DEFC30}"
EndProject
Project("{9A19103F-16F7-4668-BE54-9A1E7A4F7556}") = "Ws4vn.Microservices.Infrastructure.Caching", "01.Libraries\Microservices.Infrastructure.Caching\Ws4vn.Microservices.Infrastructure.Caching.csproj", "{2F6CC127-5633-4476-85BA-799E17AD9BE5}"
EndProject
Global
	GlobalSection(SolutionConfigurationPlatforms) = preSolution
		Debug|Any CPU = Debug|Any CPU
		Docker|Any CPU = Docker|Any CPU
		Local|Any CPU = Local|Any CPU
		Release|Any CPU = Release|Any CPU
	EndGlobalSection
	GlobalSection(ProjectConfigurationPlatforms) = postSolution
		{5420754F-FB11-4B18-AA78-A4622E635B2A}.Debug|Any CPU.ActiveCfg = Debug|Any CPU
		{5420754F-FB11-4B18-AA78-A4622E635B2A}.Debug|Any CPU.Build.0 = Debug|Any CPU
		{5420754F-FB11-4B18-AA78-A4622E635B2A}.Docker|Any CPU.ActiveCfg = Debug|Any CPU
		{5420754F-FB11-4B18-AA78-A4622E635B2A}.Docker|Any CPU.Build.0 = Debug|Any CPU
		{5420754F-FB11-4B18-AA78-A4622E635B2A}.Local|Any CPU.ActiveCfg = Release|Any CPU
		{5420754F-FB11-4B18-AA78-A4622E635B2A}.Local|Any CPU.Build.0 = Release|Any CPU
		{5420754F-FB11-4B18-AA78-A4622E635B2A}.Release|Any CPU.ActiveCfg = Release|Any CPU
		{5420754F-FB11-4B18-AA78-A4622E635B2A}.Release|Any CPU.Build.0 = Release|Any CPU
		{6D96306D-A955-4DC7-8653-D76EE022F26B}.Debug|Any CPU.ActiveCfg = Debug|Any CPU
		{6D96306D-A955-4DC7-8653-D76EE022F26B}.Debug|Any CPU.Build.0 = Debug|Any CPU
		{6D96306D-A955-4DC7-8653-D76EE022F26B}.Docker|Any CPU.ActiveCfg = Debug|Any CPU
		{6D96306D-A955-4DC7-8653-D76EE022F26B}.Docker|Any CPU.Build.0 = Debug|Any CPU
		{6D96306D-A955-4DC7-8653-D76EE022F26B}.Local|Any CPU.ActiveCfg = Release|Any CPU
		{6D96306D-A955-4DC7-8653-D76EE022F26B}.Local|Any CPU.Build.0 = Release|Any CPU
		{6D96306D-A955-4DC7-8653-D76EE022F26B}.Release|Any CPU.ActiveCfg = Release|Any CPU
		{6D96306D-A955-4DC7-8653-D76EE022F26B}.Release|Any CPU.Build.0 = Release|Any CPU
		{17BB648F-36A4-4023-9A45-08A6D62B676B}.Debug|Any CPU.ActiveCfg = Debug|Any CPU
		{17BB648F-36A4-4023-9A45-08A6D62B676B}.Debug|Any CPU.Build.0 = Debug|Any CPU
		{17BB648F-36A4-4023-9A45-08A6D62B676B}.Docker|Any CPU.ActiveCfg = Debug|Any CPU
		{17BB648F-36A4-4023-9A45-08A6D62B676B}.Docker|Any CPU.Build.0 = Debug|Any CPU
		{17BB648F-36A4-4023-9A45-08A6D62B676B}.Local|Any CPU.ActiveCfg = Release|Any CPU
		{17BB648F-36A4-4023-9A45-08A6D62B676B}.Local|Any CPU.Build.0 = Release|Any CPU
		{17BB648F-36A4-4023-9A45-08A6D62B676B}.Release|Any CPU.ActiveCfg = Release|Any CPU
		{17BB648F-36A4-4023-9A45-08A6D62B676B}.Release|Any CPU.Build.0 = Release|Any CPU
		{6064643F-B323-45B7-BD9B-20A4B6029E17}.Debug|Any CPU.ActiveCfg = Debug|Any CPU
		{6064643F-B323-45B7-BD9B-20A4B6029E17}.Debug|Any CPU.Build.0 = Debug|Any CPU
		{6064643F-B323-45B7-BD9B-20A4B6029E17}.Docker|Any CPU.ActiveCfg = Debug|Any CPU
		{6064643F-B323-45B7-BD9B-20A4B6029E17}.Docker|Any CPU.Build.0 = Debug|Any CPU
		{6064643F-B323-45B7-BD9B-20A4B6029E17}.Local|Any CPU.ActiveCfg = Debug|Any CPU
		{6064643F-B323-45B7-BD9B-20A4B6029E17}.Local|Any CPU.Build.0 = Debug|Any CPU
		{6064643F-B323-45B7-BD9B-20A4B6029E17}.Release|Any CPU.ActiveCfg = Release|Any CPU
		{6064643F-B323-45B7-BD9B-20A4B6029E17}.Release|Any CPU.Build.0 = Release|Any CPU
		{9D62E8B8-5B03-44FF-BF78-5FB60AAFE514}.Debug|Any CPU.ActiveCfg = Debug|Any CPU
		{9D62E8B8-5B03-44FF-BF78-5FB60AAFE514}.Debug|Any CPU.Build.0 = Debug|Any CPU
		{9D62E8B8-5B03-44FF-BF78-5FB60AAFE514}.Docker|Any CPU.ActiveCfg = Debug|Any CPU
		{9D62E8B8-5B03-44FF-BF78-5FB60AAFE514}.Docker|Any CPU.Build.0 = Debug|Any CPU
		{9D62E8B8-5B03-44FF-BF78-5FB60AAFE514}.Local|Any CPU.ActiveCfg = Debug|Any CPU
		{9D62E8B8-5B03-44FF-BF78-5FB60AAFE514}.Local|Any CPU.Build.0 = Debug|Any CPU
		{9D62E8B8-5B03-44FF-BF78-5FB60AAFE514}.Release|Any CPU.ActiveCfg = Release|Any CPU
		{9D62E8B8-5B03-44FF-BF78-5FB60AAFE514}.Release|Any CPU.Build.0 = Release|Any CPU
		{AE440BFD-1A3B-4164-98FB-2502FE78C1D3}.Debug|Any CPU.ActiveCfg = Debug|Any CPU
		{AE440BFD-1A3B-4164-98FB-2502FE78C1D3}.Debug|Any CPU.Build.0 = Debug|Any CPU
		{AE440BFD-1A3B-4164-98FB-2502FE78C1D3}.Docker|Any CPU.ActiveCfg = Debug|Any CPU
		{AE440BFD-1A3B-4164-98FB-2502FE78C1D3}.Docker|Any CPU.Build.0 = Debug|Any CPU
		{AE440BFD-1A3B-4164-98FB-2502FE78C1D3}.Local|Any CPU.ActiveCfg = Debug|Any CPU
		{AE440BFD-1A3B-4164-98FB-2502FE78C1D3}.Local|Any CPU.Build.0 = Debug|Any CPU
		{AE440BFD-1A3B-4164-98FB-2502FE78C1D3}.Release|Any CPU.ActiveCfg = Release|Any CPU
		{AE440BFD-1A3B-4164-98FB-2502FE78C1D3}.Release|Any CPU.Build.0 = Release|Any CPU
		{C105EA27-FBCF-4167-A39A-4B07F2D5DC95}.Debug|Any CPU.ActiveCfg = Debug|Any CPU
		{C105EA27-FBCF-4167-A39A-4B07F2D5DC95}.Debug|Any CPU.Build.0 = Debug|Any CPU
		{C105EA27-FBCF-4167-A39A-4B07F2D5DC95}.Docker|Any CPU.ActiveCfg = Debug|Any CPU
		{C105EA27-FBCF-4167-A39A-4B07F2D5DC95}.Docker|Any CPU.Build.0 = Debug|Any CPU
		{C105EA27-FBCF-4167-A39A-4B07F2D5DC95}.Local|Any CPU.ActiveCfg = Debug|Any CPU
		{C105EA27-FBCF-4167-A39A-4B07F2D5DC95}.Local|Any CPU.Build.0 = Debug|Any CPU
		{C105EA27-FBCF-4167-A39A-4B07F2D5DC95}.Release|Any CPU.ActiveCfg = Release|Any CPU
		{C105EA27-FBCF-4167-A39A-4B07F2D5DC95}.Release|Any CPU.Build.0 = Release|Any CPU
		{9A473AC4-31F8-48CB-82B6-123AC62CB87C}.Debug|Any CPU.ActiveCfg = Debug|Any CPU
		{9A473AC4-31F8-48CB-82B6-123AC62CB87C}.Debug|Any CPU.Build.0 = Debug|Any CPU
		{9A473AC4-31F8-48CB-82B6-123AC62CB87C}.Docker|Any CPU.ActiveCfg = Debug|Any CPU
		{9A473AC4-31F8-48CB-82B6-123AC62CB87C}.Docker|Any CPU.Build.0 = Debug|Any CPU
		{9A473AC4-31F8-48CB-82B6-123AC62CB87C}.Local|Any CPU.ActiveCfg = Debug|Any CPU
		{9A473AC4-31F8-48CB-82B6-123AC62CB87C}.Local|Any CPU.Build.0 = Debug|Any CPU
		{9A473AC4-31F8-48CB-82B6-123AC62CB87C}.Release|Any CPU.ActiveCfg = Release|Any CPU
		{9A473AC4-31F8-48CB-82B6-123AC62CB87C}.Release|Any CPU.Build.0 = Release|Any CPU
		{31774590-1B48-4CB1-94B2-C4B0B4E5FADD}.Debug|Any CPU.ActiveCfg = Debug|Any CPU
		{31774590-1B48-4CB1-94B2-C4B0B4E5FADD}.Debug|Any CPU.Build.0 = Debug|Any CPU
		{31774590-1B48-4CB1-94B2-C4B0B4E5FADD}.Docker|Any CPU.ActiveCfg = Debug|Any CPU
		{31774590-1B48-4CB1-94B2-C4B0B4E5FADD}.Docker|Any CPU.Build.0 = Debug|Any CPU
		{31774590-1B48-4CB1-94B2-C4B0B4E5FADD}.Local|Any CPU.ActiveCfg = Debug|Any CPU
		{31774590-1B48-4CB1-94B2-C4B0B4E5FADD}.Local|Any CPU.Build.0 = Debug|Any CPU
		{31774590-1B48-4CB1-94B2-C4B0B4E5FADD}.Release|Any CPU.ActiveCfg = Release|Any CPU
		{31774590-1B48-4CB1-94B2-C4B0B4E5FADD}.Release|Any CPU.Build.0 = Release|Any CPU
		{81210200-57E9-4AF3-AE34-D18BA20DC4AC}.Debug|Any CPU.ActiveCfg = Debug|Any CPU
		{81210200-57E9-4AF3-AE34-D18BA20DC4AC}.Debug|Any CPU.Build.0 = Debug|Any CPU
		{81210200-57E9-4AF3-AE34-D18BA20DC4AC}.Docker|Any CPU.ActiveCfg = Debug|Any CPU
		{81210200-57E9-4AF3-AE34-D18BA20DC4AC}.Docker|Any CPU.Build.0 = Debug|Any CPU
		{81210200-57E9-4AF3-AE34-D18BA20DC4AC}.Local|Any CPU.ActiveCfg = Debug|Any CPU
		{81210200-57E9-4AF3-AE34-D18BA20DC4AC}.Local|Any CPU.Build.0 = Debug|Any CPU
		{81210200-57E9-4AF3-AE34-D18BA20DC4AC}.Release|Any CPU.ActiveCfg = Release|Any CPU
		{81210200-57E9-4AF3-AE34-D18BA20DC4AC}.Release|Any CPU.Build.0 = Release|Any CPU
		{ADC87C0E-B74C-42BA-9929-B4F53C00DA2E}.Debug|Any CPU.ActiveCfg = Debug|Any CPU
		{ADC87C0E-B74C-42BA-9929-B4F53C00DA2E}.Debug|Any CPU.Build.0 = Debug|Any CPU
		{ADC87C0E-B74C-42BA-9929-B4F53C00DA2E}.Docker|Any CPU.ActiveCfg = Debug|Any CPU
		{ADC87C0E-B74C-42BA-9929-B4F53C00DA2E}.Docker|Any CPU.Build.0 = Debug|Any CPU
		{ADC87C0E-B74C-42BA-9929-B4F53C00DA2E}.Local|Any CPU.ActiveCfg = Debug|Any CPU
		{ADC87C0E-B74C-42BA-9929-B4F53C00DA2E}.Local|Any CPU.Build.0 = Debug|Any CPU
		{ADC87C0E-B74C-42BA-9929-B4F53C00DA2E}.Release|Any CPU.ActiveCfg = Release|Any CPU
		{ADC87C0E-B74C-42BA-9929-B4F53C00DA2E}.Release|Any CPU.Build.0 = Release|Any CPU
		{19B1EF2A-C879-442F-9EF0-B661510B4F4C}.Debug|Any CPU.ActiveCfg = Debug|Any CPU
		{19B1EF2A-C879-442F-9EF0-B661510B4F4C}.Debug|Any CPU.Build.0 = Debug|Any CPU
		{19B1EF2A-C879-442F-9EF0-B661510B4F4C}.Docker|Any CPU.ActiveCfg = Debug|Any CPU
		{19B1EF2A-C879-442F-9EF0-B661510B4F4C}.Docker|Any CPU.Build.0 = Debug|Any CPU
		{19B1EF2A-C879-442F-9EF0-B661510B4F4C}.Local|Any CPU.ActiveCfg = Debug|Any CPU
		{19B1EF2A-C879-442F-9EF0-B661510B4F4C}.Local|Any CPU.Build.0 = Debug|Any CPU
		{19B1EF2A-C879-442F-9EF0-B661510B4F4C}.Release|Any CPU.ActiveCfg = Release|Any CPU
		{19B1EF2A-C879-442F-9EF0-B661510B4F4C}.Release|Any CPU.Build.0 = Release|Any CPU
		{D7A26A28-01EF-415D-AADA-3C0D67D1E053}.Debug|Any CPU.ActiveCfg = Debug|Any CPU
		{D7A26A28-01EF-415D-AADA-3C0D67D1E053}.Debug|Any CPU.Build.0 = Debug|Any CPU
		{D7A26A28-01EF-415D-AADA-3C0D67D1E053}.Docker|Any CPU.ActiveCfg = Debug|Any CPU
		{D7A26A28-01EF-415D-AADA-3C0D67D1E053}.Docker|Any CPU.Build.0 = Debug|Any CPU
		{D7A26A28-01EF-415D-AADA-3C0D67D1E053}.Local|Any CPU.ActiveCfg = Debug|Any CPU
		{D7A26A28-01EF-415D-AADA-3C0D67D1E053}.Local|Any CPU.Build.0 = Debug|Any CPU
		{D7A26A28-01EF-415D-AADA-3C0D67D1E053}.Release|Any CPU.ActiveCfg = Release|Any CPU
		{D7A26A28-01EF-415D-AADA-3C0D67D1E053}.Release|Any CPU.Build.0 = Release|Any CPU
		{4E03F142-517D-4EF4-A868-CB89A87F6C2F}.Debug|Any CPU.ActiveCfg = Debug|Any CPU
		{4E03F142-517D-4EF4-A868-CB89A87F6C2F}.Debug|Any CPU.Build.0 = Debug|Any CPU
		{4E03F142-517D-4EF4-A868-CB89A87F6C2F}.Docker|Any CPU.ActiveCfg = Debug|Any CPU
		{4E03F142-517D-4EF4-A868-CB89A87F6C2F}.Docker|Any CPU.Build.0 = Debug|Any CPU
		{4E03F142-517D-4EF4-A868-CB89A87F6C2F}.Local|Any CPU.ActiveCfg = Debug|Any CPU
		{4E03F142-517D-4EF4-A868-CB89A87F6C2F}.Local|Any CPU.Build.0 = Debug|Any CPU
		{4E03F142-517D-4EF4-A868-CB89A87F6C2F}.Release|Any CPU.ActiveCfg = Release|Any CPU
		{4E03F142-517D-4EF4-A868-CB89A87F6C2F}.Release|Any CPU.Build.0 = Release|Any CPU
		{3673FA51-6205-4F84-B50F-E00821B3801C}.Debug|Any CPU.ActiveCfg = Debug|Any CPU
		{3673FA51-6205-4F84-B50F-E00821B3801C}.Debug|Any CPU.Build.0 = Debug|Any CPU
		{3673FA51-6205-4F84-B50F-E00821B3801C}.Docker|Any CPU.ActiveCfg = Debug|Any CPU
		{3673FA51-6205-4F84-B50F-E00821B3801C}.Docker|Any CPU.Build.0 = Debug|Any CPU
		{3673FA51-6205-4F84-B50F-E00821B3801C}.Local|Any CPU.ActiveCfg = Debug|Any CPU
		{3673FA51-6205-4F84-B50F-E00821B3801C}.Local|Any CPU.Build.0 = Debug|Any CPU
		{3673FA51-6205-4F84-B50F-E00821B3801C}.Release|Any CPU.ActiveCfg = Release|Any CPU
		{3673FA51-6205-4F84-B50F-E00821B3801C}.Release|Any CPU.Build.0 = Release|Any CPU
		{D10CD0E8-AC36-4090-B204-3AAF61417B20}.Debug|Any CPU.ActiveCfg = Debug|Any CPU
		{D10CD0E8-AC36-4090-B204-3AAF61417B20}.Debug|Any CPU.Build.0 = Debug|Any CPU
		{D10CD0E8-AC36-4090-B204-3AAF61417B20}.Docker|Any CPU.ActiveCfg = Debug|Any CPU
		{D10CD0E8-AC36-4090-B204-3AAF61417B20}.Docker|Any CPU.Build.0 = Debug|Any CPU
		{D10CD0E8-AC36-4090-B204-3AAF61417B20}.Local|Any CPU.ActiveCfg = Debug|Any CPU
		{D10CD0E8-AC36-4090-B204-3AAF61417B20}.Local|Any CPU.Build.0 = Debug|Any CPU
		{D10CD0E8-AC36-4090-B204-3AAF61417B20}.Release|Any CPU.ActiveCfg = Release|Any CPU
		{D10CD0E8-AC36-4090-B204-3AAF61417B20}.Release|Any CPU.Build.0 = Release|Any CPU
		{E75E6844-4E5C-4512-82AB-1722FC59AC8A}.Debug|Any CPU.ActiveCfg = Debug|Any CPU
		{E75E6844-4E5C-4512-82AB-1722FC59AC8A}.Debug|Any CPU.Build.0 = Debug|Any CPU
		{E75E6844-4E5C-4512-82AB-1722FC59AC8A}.Docker|Any CPU.ActiveCfg = Debug|Any CPU
		{E75E6844-4E5C-4512-82AB-1722FC59AC8A}.Docker|Any CPU.Build.0 = Debug|Any CPU
		{E75E6844-4E5C-4512-82AB-1722FC59AC8A}.Local|Any CPU.ActiveCfg = Debug|Any CPU
		{E75E6844-4E5C-4512-82AB-1722FC59AC8A}.Local|Any CPU.Build.0 = Debug|Any CPU
		{E75E6844-4E5C-4512-82AB-1722FC59AC8A}.Release|Any CPU.ActiveCfg = Release|Any CPU
		{E75E6844-4E5C-4512-82AB-1722FC59AC8A}.Release|Any CPU.Build.0 = Release|Any CPU
		{B6B99F05-D178-4487-A6FE-0D4ECB41B9F3}.Debug|Any CPU.ActiveCfg = Debug|Any CPU
		{B6B99F05-D178-4487-A6FE-0D4ECB41B9F3}.Debug|Any CPU.Build.0 = Debug|Any CPU
		{B6B99F05-D178-4487-A6FE-0D4ECB41B9F3}.Docker|Any CPU.ActiveCfg = Debug|Any CPU
		{B6B99F05-D178-4487-A6FE-0D4ECB41B9F3}.Docker|Any CPU.Build.0 = Debug|Any CPU
		{B6B99F05-D178-4487-A6FE-0D4ECB41B9F3}.Local|Any CPU.ActiveCfg = Release|Any CPU
		{B6B99F05-D178-4487-A6FE-0D4ECB41B9F3}.Local|Any CPU.Build.0 = Release|Any CPU
		{B6B99F05-D178-4487-A6FE-0D4ECB41B9F3}.Release|Any CPU.ActiveCfg = Release|Any CPU
		{B6B99F05-D178-4487-A6FE-0D4ECB41B9F3}.Release|Any CPU.Build.0 = Release|Any CPU
		{F0D01AA8-4CA3-4296-B8BE-E135FE004A90}.Debug|Any CPU.ActiveCfg = Debug|Any CPU
		{F0D01AA8-4CA3-4296-B8BE-E135FE004A90}.Debug|Any CPU.Build.0 = Debug|Any CPU
		{F0D01AA8-4CA3-4296-B8BE-E135FE004A90}.Docker|Any CPU.ActiveCfg = Debug|Any CPU
		{F0D01AA8-4CA3-4296-B8BE-E135FE004A90}.Docker|Any CPU.Build.0 = Debug|Any CPU
		{F0D01AA8-4CA3-4296-B8BE-E135FE004A90}.Local|Any CPU.ActiveCfg = Debug|Any CPU
		{F0D01AA8-4CA3-4296-B8BE-E135FE004A90}.Local|Any CPU.Build.0 = Debug|Any CPU
		{F0D01AA8-4CA3-4296-B8BE-E135FE004A90}.Release|Any CPU.ActiveCfg = Release|Any CPU
		{F0D01AA8-4CA3-4296-B8BE-E135FE004A90}.Release|Any CPU.Build.0 = Release|Any CPU
		{CFB9B8A8-E3A3-40D5-99DA-026FDC86F2B5}.Debug|Any CPU.ActiveCfg = Debug|Any CPU
		{CFB9B8A8-E3A3-40D5-99DA-026FDC86F2B5}.Debug|Any CPU.Build.0 = Debug|Any CPU
		{CFB9B8A8-E3A3-40D5-99DA-026FDC86F2B5}.Docker|Any CPU.ActiveCfg = Debug|Any CPU
		{CFB9B8A8-E3A3-40D5-99DA-026FDC86F2B5}.Docker|Any CPU.Build.0 = Debug|Any CPU
		{CFB9B8A8-E3A3-40D5-99DA-026FDC86F2B5}.Local|Any CPU.ActiveCfg = Debug|Any CPU
		{CFB9B8A8-E3A3-40D5-99DA-026FDC86F2B5}.Local|Any CPU.Build.0 = Debug|Any CPU
		{CFB9B8A8-E3A3-40D5-99DA-026FDC86F2B5}.Release|Any CPU.ActiveCfg = Release|Any CPU
		{CFB9B8A8-E3A3-40D5-99DA-026FDC86F2B5}.Release|Any CPU.Build.0 = Release|Any CPU
		{9EE88D5E-4899-4B22-AC87-B3EAD9DCA6FD}.Debug|Any CPU.ActiveCfg = Debug|Any CPU
		{9EE88D5E-4899-4B22-AC87-B3EAD9DCA6FD}.Debug|Any CPU.Build.0 = Debug|Any CPU
		{9EE88D5E-4899-4B22-AC87-B3EAD9DCA6FD}.Docker|Any CPU.ActiveCfg = Debug|Any CPU
		{9EE88D5E-4899-4B22-AC87-B3EAD9DCA6FD}.Docker|Any CPU.Build.0 = Debug|Any CPU
		{9EE88D5E-4899-4B22-AC87-B3EAD9DCA6FD}.Local|Any CPU.ActiveCfg = Debug|Any CPU
		{9EE88D5E-4899-4B22-AC87-B3EAD9DCA6FD}.Local|Any CPU.Build.0 = Debug|Any CPU
		{9EE88D5E-4899-4B22-AC87-B3EAD9DCA6FD}.Release|Any CPU.ActiveCfg = Release|Any CPU
		{9EE88D5E-4899-4B22-AC87-B3EAD9DCA6FD}.Release|Any CPU.Build.0 = Release|Any CPU
		{CDF94D85-55AF-4F53-939E-B3E9F1B03B19}.Debug|Any CPU.ActiveCfg = Debug|Any CPU
		{CDF94D85-55AF-4F53-939E-B3E9F1B03B19}.Debug|Any CPU.Build.0 = Debug|Any CPU
		{CDF94D85-55AF-4F53-939E-B3E9F1B03B19}.Docker|Any CPU.ActiveCfg = Debug|Any CPU
		{CDF94D85-55AF-4F53-939E-B3E9F1B03B19}.Docker|Any CPU.Build.0 = Debug|Any CPU
		{CDF94D85-55AF-4F53-939E-B3E9F1B03B19}.Local|Any CPU.ActiveCfg = Debug|Any CPU
		{CDF94D85-55AF-4F53-939E-B3E9F1B03B19}.Local|Any CPU.Build.0 = Debug|Any CPU
		{CDF94D85-55AF-4F53-939E-B3E9F1B03B19}.Release|Any CPU.ActiveCfg = Release|Any CPU
		{CDF94D85-55AF-4F53-939E-B3E9F1B03B19}.Release|Any CPU.Build.0 = Release|Any CPU
		{7E21FAD1-32A1-4793-9932-7FFDD4255FCD}.Debug|Any CPU.ActiveCfg = Debug|Any CPU
		{7E21FAD1-32A1-4793-9932-7FFDD4255FCD}.Debug|Any CPU.Build.0 = Debug|Any CPU
		{7E21FAD1-32A1-4793-9932-7FFDD4255FCD}.Docker|Any CPU.ActiveCfg = Debug|Any CPU
		{7E21FAD1-32A1-4793-9932-7FFDD4255FCD}.Docker|Any CPU.Build.0 = Debug|Any CPU
		{7E21FAD1-32A1-4793-9932-7FFDD4255FCD}.Local|Any CPU.ActiveCfg = Debug|Any CPU
		{7E21FAD1-32A1-4793-9932-7FFDD4255FCD}.Local|Any CPU.Build.0 = Debug|Any CPU
		{7E21FAD1-32A1-4793-9932-7FFDD4255FCD}.Release|Any CPU.ActiveCfg = Release|Any CPU
		{7E21FAD1-32A1-4793-9932-7FFDD4255FCD}.Release|Any CPU.Build.0 = Release|Any CPU
		{052E65AC-58BE-49D2-AEB6-EE1869AD618D}.Debug|Any CPU.ActiveCfg = Release|Any CPU
		{052E65AC-58BE-49D2-AEB6-EE1869AD618D}.Debug|Any CPU.Build.0 = Release|Any CPU
		{052E65AC-58BE-49D2-AEB6-EE1869AD618D}.Docker|Any CPU.ActiveCfg = Debug|Any CPU
		{052E65AC-58BE-49D2-AEB6-EE1869AD618D}.Docker|Any CPU.Build.0 = Debug|Any CPU
		{052E65AC-58BE-49D2-AEB6-EE1869AD618D}.Local|Any CPU.ActiveCfg = Debug|Any CPU
		{052E65AC-58BE-49D2-AEB6-EE1869AD618D}.Local|Any CPU.Build.0 = Debug|Any CPU
		{052E65AC-58BE-49D2-AEB6-EE1869AD618D}.Release|Any CPU.ActiveCfg = Release|Any CPU
		{052E65AC-58BE-49D2-AEB6-EE1869AD618D}.Release|Any CPU.Build.0 = Release|Any CPU
		{D62EE7EE-55D1-459B-8447-D643A8B696D2}.Debug|Any CPU.ActiveCfg = Release|Any CPU
		{D62EE7EE-55D1-459B-8447-D643A8B696D2}.Debug|Any CPU.Build.0 = Release|Any CPU
		{D62EE7EE-55D1-459B-8447-D643A8B696D2}.Docker|Any CPU.ActiveCfg = Debug|Any CPU
		{D62EE7EE-55D1-459B-8447-D643A8B696D2}.Docker|Any CPU.Build.0 = Debug|Any CPU
		{D62EE7EE-55D1-459B-8447-D643A8B696D2}.Local|Any CPU.ActiveCfg = Debug|Any CPU
		{D62EE7EE-55D1-459B-8447-D643A8B696D2}.Local|Any CPU.Build.0 = Debug|Any CPU
		{D62EE7EE-55D1-459B-8447-D643A8B696D2}.Release|Any CPU.ActiveCfg = Release|Any CPU
		{D62EE7EE-55D1-459B-8447-D643A8B696D2}.Release|Any CPU.Build.0 = Release|Any CPU
		{FAA56B43-311B-41F1-8151-BE8763382519}.Debug|Any CPU.ActiveCfg = Release|Any CPU
		{FAA56B43-311B-41F1-8151-BE8763382519}.Debug|Any CPU.Build.0 = Release|Any CPU
		{FAA56B43-311B-41F1-8151-BE8763382519}.Docker|Any CPU.ActiveCfg = Debug|Any CPU
		{FAA56B43-311B-41F1-8151-BE8763382519}.Docker|Any CPU.Build.0 = Debug|Any CPU
		{FAA56B43-311B-41F1-8151-BE8763382519}.Local|Any CPU.ActiveCfg = Debug|Any CPU
		{FAA56B43-311B-41F1-8151-BE8763382519}.Local|Any CPU.Build.0 = Debug|Any CPU
		{FAA56B43-311B-41F1-8151-BE8763382519}.Release|Any CPU.ActiveCfg = Release|Any CPU
		{FAA56B43-311B-41F1-8151-BE8763382519}.Release|Any CPU.Build.0 = Release|Any CPU
		{5214A225-4040-4D8A-957D-912164DEFC30}.Debug|Any CPU.ActiveCfg = Release|Any CPU
		{5214A225-4040-4D8A-957D-912164DEFC30}.Debug|Any CPU.Build.0 = Release|Any CPU
		{5214A225-4040-4D8A-957D-912164DEFC30}.Docker|Any CPU.ActiveCfg = Debug|Any CPU
		{5214A225-4040-4D8A-957D-912164DEFC30}.Docker|Any CPU.Build.0 = Debug|Any CPU
		{5214A225-4040-4D8A-957D-912164DEFC30}.Local|Any CPU.ActiveCfg = Debug|Any CPU
		{5214A225-4040-4D8A-957D-912164DEFC30}.Local|Any CPU.Build.0 = Debug|Any CPU
		{5214A225-4040-4D8A-957D-912164DEFC30}.Release|Any CPU.ActiveCfg = Release|Any CPU
		{5214A225-4040-4D8A-957D-912164DEFC30}.Release|Any CPU.Build.0 = Release|Any CPU
		{2F6CC127-5633-4476-85BA-799E17AD9BE5}.Debug|Any CPU.ActiveCfg = Release|Any CPU
		{2F6CC127-5633-4476-85BA-799E17AD9BE5}.Debug|Any CPU.Build.0 = Release|Any CPU
		{2F6CC127-5633-4476-85BA-799E17AD9BE5}.Docker|Any CPU.ActiveCfg = Debug|Any CPU
		{2F6CC127-5633-4476-85BA-799E17AD9BE5}.Docker|Any CPU.Build.0 = Debug|Any CPU
		{2F6CC127-5633-4476-85BA-799E17AD9BE5}.Local|Any CPU.ActiveCfg = Debug|Any CPU
		{2F6CC127-5633-4476-85BA-799E17AD9BE5}.Local|Any CPU.Build.0 = Debug|Any CPU
		{2F6CC127-5633-4476-85BA-799E17AD9BE5}.Release|Any CPU.ActiveCfg = Release|Any CPU
		{2F6CC127-5633-4476-85BA-799E17AD9BE5}.Release|Any CPU.Build.0 = Release|Any CPU
	EndGlobalSection
	GlobalSection(SolutionProperties) = preSolution
		HideSolutionNode = FALSE
	EndGlobalSection
	GlobalSection(NestedProjects) = preSolution
		{03214D78-0E18-46B4-AFE1-19C06D5D27AC} = {4221A031-3665-41E5-8017-D499ED8F7A31}
		{1E993341-DFAF-4959-BD2E-79989A24A3EB} = {4221A031-3665-41E5-8017-D499ED8F7A31}
		{9C6A3E2E-628A-4403-A721-2985B8A9A21D} = {4221A031-3665-41E5-8017-D499ED8F7A31}
		{072F6B48-1A82-4B16-900E-E86B11EC7DEA} = {4221A031-3665-41E5-8017-D499ED8F7A31}
		{6C586ECA-4A65-45F4-86A0-13AD1D3392CE} = {895A0CB0-4717-43A3-ACC6-989C173B7D3E}
		{5420754F-FB11-4B18-AA78-A4622E635B2A} = {1E993341-DFAF-4959-BD2E-79989A24A3EB}
		{6D96306D-A955-4DC7-8653-D76EE022F26B} = {1E993341-DFAF-4959-BD2E-79989A24A3EB}
		{17BB648F-36A4-4023-9A45-08A6D62B676B} = {03214D78-0E18-46B4-AFE1-19C06D5D27AC}
		{6064643F-B323-45B7-BD9B-20A4B6029E17} = {9C6A3E2E-628A-4403-A721-2985B8A9A21D}
		{4DF144CE-7FC3-4546-B563-DBC3B7D3E335} = {895A0CB0-4717-43A3-ACC6-989C173B7D3E}
		{491C4893-A7D3-4627-854B-66D9B938F4FB} = {895A0CB0-4717-43A3-ACC6-989C173B7D3E}
		{B0EFF83D-B524-4FB5-8A1D-17B2CD837AA7} = {895A0CB0-4717-43A3-ACC6-989C173B7D3E}
		{AE440BFD-1A3B-4164-98FB-2502FE78C1D3} = {6C586ECA-4A65-45F4-86A0-13AD1D3392CE}
		{C105EA27-FBCF-4167-A39A-4B07F2D5DC95} = {6C586ECA-4A65-45F4-86A0-13AD1D3392CE}
		{9A473AC4-31F8-48CB-82B6-123AC62CB87C} = {B0EFF83D-B524-4FB5-8A1D-17B2CD837AA7}
		{31774590-1B48-4CB1-94B2-C4B0B4E5FADD} = {B0EFF83D-B524-4FB5-8A1D-17B2CD837AA7}
		{81210200-57E9-4AF3-AE34-D18BA20DC4AC} = {4DF144CE-7FC3-4546-B563-DBC3B7D3E335}
		{ADC87C0E-B74C-42BA-9929-B4F53C00DA2E} = {4DF144CE-7FC3-4546-B563-DBC3B7D3E335}
		{19B1EF2A-C879-442F-9EF0-B661510B4F4C} = {491C4893-A7D3-4627-854B-66D9B938F4FB}
		{D7A26A28-01EF-415D-AADA-3C0D67D1E053} = {491C4893-A7D3-4627-854B-66D9B938F4FB}
		{4E03F142-517D-4EF4-A868-CB89A87F6C2F} = {072F6B48-1A82-4B16-900E-E86B11EC7DEA}
		{3673FA51-6205-4F84-B50F-E00821B3801C} = {072F6B48-1A82-4B16-900E-E86B11EC7DEA}
		{D10CD0E8-AC36-4090-B204-3AAF61417B20} = {B0EFF83D-B524-4FB5-8A1D-17B2CD837AA7}
		{E75E6844-4E5C-4512-82AB-1722FC59AC8A} = {072F6B48-1A82-4B16-900E-E86B11EC7DEA}
		{B6B99F05-D178-4487-A6FE-0D4ECB41B9F3} = {03214D78-0E18-46B4-AFE1-19C06D5D27AC}
		{F0D01AA8-4CA3-4296-B8BE-E135FE004A90} = {1E993341-DFAF-4959-BD2E-79989A24A3EB}
		{CFB9B8A8-E3A3-40D5-99DA-026FDC86F2B5} = {491C4893-A7D3-4627-854B-66D9B938F4FB}
		{9EE88D5E-4899-4B22-AC87-B3EAD9DCA6FD} = {4DF144CE-7FC3-4546-B563-DBC3B7D3E335}
		{CDF94D85-55AF-4F53-939E-B3E9F1B03B19} = {6C586ECA-4A65-45F4-86A0-13AD1D3392CE}
		{7E21FAD1-32A1-4793-9932-7FFDD4255FCD} = {895A0CB0-4717-43A3-ACC6-989C173B7D3E}
		{052E65AC-58BE-49D2-AEB6-EE1869AD618D} = {A6613CAF-30A7-471B-A661-52D34D481943}
		{D62EE7EE-55D1-459B-8447-D643A8B696D2} = {A6613CAF-30A7-471B-A661-52D34D481943}
		{FAA56B43-311B-41F1-8151-BE8763382519} = {A6613CAF-30A7-471B-A661-52D34D481943}
		{5214A225-4040-4D8A-957D-912164DEFC30} = {A6613CAF-30A7-471B-A661-52D34D481943}
		{2F6CC127-5633-4476-85BA-799E17AD9BE5} = {A6613CAF-30A7-471B-A661-52D34D481943}
	EndGlobalSection
	GlobalSection(ExtensibilityGlobals) = postSolution
		SolutionGuid = {88D9F8A4-8F8A-4E03-A92F-34BCFF26A09D}
	EndGlobalSection
EndGlobal
