
Microsoft Visual Studio Solution File, Format Version 12.00
# Visual Studio 15
VisualStudioVersion = 15.0.27130.2027
MinimumVisualStudioVersion = 10.0.40219.1
Project("{2150E333-8FDC-42A3-9474-1A3956D46DE8}") = "Member", "Member", "{03214D78-0E18-46B4-AFE1-19C06D5D27AC}"
EndProject
Project("{2150E333-8FDC-42A3-9474-1A3956D46DE8}") = "01.Libraries", "01.Libraries", "{A6613CAF-30A7-471B-A661-52D34D481943}"
EndProject
Project("{2150E333-8FDC-42A3-9474-1A3956D46DE8}") = "02.CoreServices", "02.CoreServices", "{4221A031-3665-41E5-8017-D499ED8F7A31}"
EndProject
Project("{2150E333-8FDC-42A3-9474-1A3956D46DE8}") = "Logging", "Logging", "{1E993341-DFAF-4959-BD2E-79989A24A3EB}"
EndProject
Project("{2150E333-8FDC-42A3-9474-1A3956D46DE8}") = "Notification", "Notification", "{9C6A3E2E-628A-4403-A721-2985B8A9A21D}"
EndProject
Project("{2150E333-8FDC-42A3-9474-1A3956D46DE8}") = "03.ezStore", "03.ezStore", "{895A0CB0-4717-43A3-ACC6-989C173B7D3E}"
EndProject
Project("{2150E333-8FDC-42A3-9474-1A3956D46DE8}") = "MasterData", "MasterData", "{072F6B48-1A82-4B16-900E-E86B11EC7DEA}"
EndProject
Project("{2150E333-8FDC-42A3-9474-1A3956D46DE8}") = "00.Documents", "00.Documents", "{27CF47C0-D490-4F3D-AA76-AC8DB3D48DC7}"
	ProjectSection(SolutionItems) = preProject
		..\LICENSE = ..\LICENSE
		..\README.md = ..\README.md
	EndProjectSection
EndProject
Project("{2150E333-8FDC-42A3-9474-1A3956D46DE8}") = "Product", "Product", "{6C586ECA-4A65-45F4-86A0-13AD1D3392CE}"
EndProject
Project("{9A19103F-16F7-4668-BE54-9A1E7A4F7556}") = "ezStore.Microservice.Product.API", "03.ezStore\Product\ezStore.Microservice.Product.API\ezStore.Microservice.Product.API.csproj", "{F7AF47CE-3501-4E39-8570-5E3284A6A01A}"
EndProject
Project("{9A19103F-16F7-4668-BE54-9A1E7A4F7556}") = "ezStore.Microservice.Product.Domain", "03.ezStore\Product\ezStore.Microservice.Product.Domain\ezStore.Microservice.Product.Domain.csproj", "{BEE7E209-FBA6-4628-B9C8-84A63DAB5709}"
EndProject
Project("{9A19103F-16F7-4668-BE54-9A1E7A4F7556}") = "ezStore.Microservice.SharedEvents", "03.ezStore\ezStore.Microservice.SharedEvents\ezStore.Microservice.SharedEvents.csproj", "{8F5098FE-FAB9-4646-A974-0D8D5BE87C13}"
EndProject
Project("{9A19103F-16F7-4668-BE54-9A1E7A4F7556}") = "Microservice.Logging.API", "02.CoreServices\Logging\Microservice.Logging.API\Microservice.Logging.API.csproj", "{5420754F-FB11-4B18-AA78-A4622E635B2A}"
EndProject
Project("{9A19103F-16F7-4668-BE54-9A1E7A4F7556}") = "Microservice.Logging.BackgroundProcess", "02.CoreServices\Logging\Microservice.Logging.BackgroundProcess\Microservice.Logging.BackgroundProcess.csproj", "{6D96306D-A955-4DC7-8653-D76EE022F26B}"
EndProject
Project("{9A19103F-16F7-4668-BE54-9A1E7A4F7556}") = "Microservice.Logging.Domain", "02.CoreServices\Logging\Microservice.Logging.Domain\Microservice.Logging.Domain.csproj", "{8E930652-FFFF-4BCF-97F1-54B7CA7DE089}"
EndProject
Project("{9A19103F-16F7-4668-BE54-9A1E7A4F7556}") = "Microservice.Logging.Persistence.Model", "02.CoreServices\Logging\Microservice.Logging.Persistence.Model\Microservice.Logging.Persistence.Model.csproj", "{312428B0-8E2B-4454-A60C-8586B79B0F86}"
EndProject
Project("{9A19103F-16F7-4668-BE54-9A1E7A4F7556}") = "Microservice.MasterData.Persistence.Model", "02.CoreServices\MasterData\Microservice.MasterData.Persistence.Model\Microservice.MasterData.Persistence.Model.csproj", "{211AA988-6051-46E9-A77C-F4447F81CE1B}"
EndProject
Project("{9A19103F-16F7-4668-BE54-9A1E7A4F7556}") = "Microservice.IdentityServer", "02.CoreServices\Member\Microservice.IdentityServer\Microservice.IdentityServer.csproj", "{17BB648F-36A4-4023-9A45-08A6D62B676B}"
EndProject
Project("{9A19103F-16F7-4668-BE54-9A1E7A4F7556}") = "Microservice.Member.Domain", "02.CoreServices\Member\Microservice.Member.Domain\Microservice.Member.Domain.csproj", "{2D37618F-5D81-4432-8FB4-6F8479C67C90}"
EndProject
Project("{9A19103F-16F7-4668-BE54-9A1E7A4F7556}") = "Microservice.Member.Infrastructure", "02.CoreServices\Member\Microservice.Member.Infrastructure\Microservice.Member.Infrastructure.csproj", "{A582646B-D283-468E-B214-816B1D771741}"
EndProject
Project("{9A19103F-16F7-4668-BE54-9A1E7A4F7556}") = "Microservice.Notification.BackgroundProcess", "02.CoreServices\Notification\Microservice.Notification.BackgroundProcess\Microservice.Notification.BackgroundProcess.csproj", "{6064643F-B323-45B7-BD9B-20A4B6029E17}"
EndProject
Project("{9A19103F-16F7-4668-BE54-9A1E7A4F7556}") = "Microservice.Core", "01.Libraries\Microservice.Core\Microservice.Core.csproj", "{CB23D792-0315-4F73-A12D-D2F9009F0BD0}"
EndProject
Project("{9A19103F-16F7-4668-BE54-9A1E7A4F7556}") = "Microservice.Core.CachingService", "01.Libraries\Microservice.Core.CachingService\Microservice.Core.CachingService.csproj", "{03A6A9C1-7C9B-4317-9F92-26681DBAD641}"
EndProject
Project("{9A19103F-16F7-4668-BE54-9A1E7A4F7556}") = "Microservice.Core.DataAccess", "01.Libraries\Microservice.Core.DataAccess\Microservice.Core.DataAccess.csproj", "{340101CB-E065-4164-9F73-DD4A98F6333C}"
EndProject
Project("{9A19103F-16F7-4668-BE54-9A1E7A4F7556}") = "Microservice.Core.DataAccess.MongoDB", "01.Libraries\Microservice.Core.DataAccess.MongoDB\Microservice.Core.DataAccess.MongoDB.csproj", "{32766E31-F930-48DE-BAD8-6CCD89CADB28}"
EndProject
Project("{9A19103F-16F7-4668-BE54-9A1E7A4F7556}") = "Microservice.Core.DataAccess.Sql", "01.Libraries\Microservice.Core.DataAccess.Sql\Microservice.Core.DataAccess.Sql.csproj", "{D73D95AB-D6D2-4782-8232-5C16373A6DA9}"
EndProject
Project("{9A19103F-16F7-4668-BE54-9A1E7A4F7556}") = "Microservice.Core.DomainService", "01.Libraries\Microservice.Core.DomainService\Microservice.Core.DomainService.csproj", "{D7A6F8D0-CB2C-4D7A-A0BD-59D07E6ACD4F}"
EndProject
Project("{9A19103F-16F7-4668-BE54-9A1E7A4F7556}") = "Microservice.Core.Logging", "01.Libraries\Microservice.Core.Logging\Microservice.Core.Logging.csproj", "{1A620539-F602-4344-A38D-42CDEF100EE5}"
EndProject
Project("{9A19103F-16F7-4668-BE54-9A1E7A4F7556}") = "Microservice.Core.MessageQueue", "01.Libraries\Microservice.Core.MessageQueue\Microservice.Core.MessageQueue.csproj", "{106AB569-9D13-425F-B1E2-A62B9AC34026}"
EndProject
Project("{9A19103F-16F7-4668-BE54-9A1E7A4F7556}") = "Microservice.SharedEvents", "02.CoreServices\Microservice.SharedEvents\Microservice.SharedEvents.csproj", "{76B325BB-EFF4-485A-A062-DBC1E0549931}"
EndProject
Project("{2150E333-8FDC-42A3-9474-1A3956D46DE8}") = "k8s", "k8s", "{9CC383E6-C307-4003-AE6D-9376CC747F7C}"
	ProjectSection(SolutionItems) = preProject
		k8s\build-api.bat = k8s\build-api.bat
		k8s\build-db.bat = k8s\build-db.bat
		k8s\deploy-api.bat = k8s\deploy-api.bat
		k8s\deploy-db.bat = k8s\deploy-db.bat
		k8s\k8s.service.api.yaml = k8s\k8s.service.api.yaml
		k8s\k8s.service.db.yaml = k8s\k8s.service.db.yaml
	EndProjectSection
EndProject
Project("{E53339B2-1760-4266-BCC7-CA923CBCF16C}") = "docker-compose", "docker-compose.dcproj", "{9D62E8B8-5B03-44FF-BF78-5FB60AAFE514}"
EndProject
Global
	GlobalSection(SolutionConfigurationPlatforms) = preSolution
		Debug|Any CPU = Debug|Any CPU
		Docker|Any CPU = Docker|Any CPU
		Local|Any CPU = Local|Any CPU
		Release|Any CPU = Release|Any CPU
	EndGlobalSection
	GlobalSection(ProjectConfigurationPlatforms) = postSolution
		{F7AF47CE-3501-4E39-8570-5E3284A6A01A}.Debug|Any CPU.ActiveCfg = Debug|Any CPU
		{F7AF47CE-3501-4E39-8570-5E3284A6A01A}.Debug|Any CPU.Build.0 = Debug|Any CPU
		{F7AF47CE-3501-4E39-8570-5E3284A6A01A}.Docker|Any CPU.ActiveCfg = Debug|Any CPU
		{F7AF47CE-3501-4E39-8570-5E3284A6A01A}.Docker|Any CPU.Build.0 = Debug|Any CPU
		{F7AF47CE-3501-4E39-8570-5E3284A6A01A}.Local|Any CPU.ActiveCfg = Debug|Any CPU
		{F7AF47CE-3501-4E39-8570-5E3284A6A01A}.Local|Any CPU.Build.0 = Debug|Any CPU
		{F7AF47CE-3501-4E39-8570-5E3284A6A01A}.Release|Any CPU.ActiveCfg = Release|Any CPU
		{F7AF47CE-3501-4E39-8570-5E3284A6A01A}.Release|Any CPU.Build.0 = Release|Any CPU
		{BEE7E209-FBA6-4628-B9C8-84A63DAB5709}.Debug|Any CPU.ActiveCfg = Debug|Any CPU
		{BEE7E209-FBA6-4628-B9C8-84A63DAB5709}.Debug|Any CPU.Build.0 = Debug|Any CPU
		{BEE7E209-FBA6-4628-B9C8-84A63DAB5709}.Docker|Any CPU.ActiveCfg = Debug|Any CPU
		{BEE7E209-FBA6-4628-B9C8-84A63DAB5709}.Docker|Any CPU.Build.0 = Debug|Any CPU
		{BEE7E209-FBA6-4628-B9C8-84A63DAB5709}.Local|Any CPU.ActiveCfg = Debug|Any CPU
		{BEE7E209-FBA6-4628-B9C8-84A63DAB5709}.Local|Any CPU.Build.0 = Debug|Any CPU
		{BEE7E209-FBA6-4628-B9C8-84A63DAB5709}.Release|Any CPU.ActiveCfg = Release|Any CPU
		{BEE7E209-FBA6-4628-B9C8-84A63DAB5709}.Release|Any CPU.Build.0 = Release|Any CPU
		{8F5098FE-FAB9-4646-A974-0D8D5BE87C13}.Debug|Any CPU.ActiveCfg = Debug|Any CPU
		{8F5098FE-FAB9-4646-A974-0D8D5BE87C13}.Debug|Any CPU.Build.0 = Debug|Any CPU
		{8F5098FE-FAB9-4646-A974-0D8D5BE87C13}.Docker|Any CPU.ActiveCfg = Debug|Any CPU
		{8F5098FE-FAB9-4646-A974-0D8D5BE87C13}.Docker|Any CPU.Build.0 = Debug|Any CPU
		{8F5098FE-FAB9-4646-A974-0D8D5BE87C13}.Local|Any CPU.ActiveCfg = Debug|Any CPU
		{8F5098FE-FAB9-4646-A974-0D8D5BE87C13}.Local|Any CPU.Build.0 = Debug|Any CPU
		{8F5098FE-FAB9-4646-A974-0D8D5BE87C13}.Release|Any CPU.ActiveCfg = Release|Any CPU
		{8F5098FE-FAB9-4646-A974-0D8D5BE87C13}.Release|Any CPU.Build.0 = Release|Any CPU
		{5420754F-FB11-4B18-AA78-A4622E635B2A}.Debug|Any CPU.ActiveCfg = Debug|Any CPU
		{5420754F-FB11-4B18-AA78-A4622E635B2A}.Debug|Any CPU.Build.0 = Debug|Any CPU
		{5420754F-FB11-4B18-AA78-A4622E635B2A}.Docker|Any CPU.ActiveCfg = Debug|Any CPU
		{5420754F-FB11-4B18-AA78-A4622E635B2A}.Docker|Any CPU.Build.0 = Debug|Any CPU
		{5420754F-FB11-4B18-AA78-A4622E635B2A}.Local|Any CPU.ActiveCfg = Local|Any CPU
		{5420754F-FB11-4B18-AA78-A4622E635B2A}.Local|Any CPU.Build.0 = Local|Any CPU
		{5420754F-FB11-4B18-AA78-A4622E635B2A}.Release|Any CPU.ActiveCfg = Release|Any CPU
		{5420754F-FB11-4B18-AA78-A4622E635B2A}.Release|Any CPU.Build.0 = Release|Any CPU
		{6D96306D-A955-4DC7-8653-D76EE022F26B}.Debug|Any CPU.ActiveCfg = Debug|Any CPU
		{6D96306D-A955-4DC7-8653-D76EE022F26B}.Debug|Any CPU.Build.0 = Debug|Any CPU
		{6D96306D-A955-4DC7-8653-D76EE022F26B}.Docker|Any CPU.ActiveCfg = Debug|Any CPU
		{6D96306D-A955-4DC7-8653-D76EE022F26B}.Docker|Any CPU.Build.0 = Debug|Any CPU
		{6D96306D-A955-4DC7-8653-D76EE022F26B}.Local|Any CPU.ActiveCfg = Local|Any CPU
		{6D96306D-A955-4DC7-8653-D76EE022F26B}.Local|Any CPU.Build.0 = Local|Any CPU
		{6D96306D-A955-4DC7-8653-D76EE022F26B}.Release|Any CPU.ActiveCfg = Release|Any CPU
		{6D96306D-A955-4DC7-8653-D76EE022F26B}.Release|Any CPU.Build.0 = Release|Any CPU
		{8E930652-FFFF-4BCF-97F1-54B7CA7DE089}.Debug|Any CPU.ActiveCfg = Debug|Any CPU
		{8E930652-FFFF-4BCF-97F1-54B7CA7DE089}.Debug|Any CPU.Build.0 = Debug|Any CPU
		{8E930652-FFFF-4BCF-97F1-54B7CA7DE089}.Docker|Any CPU.ActiveCfg = Debug|Any CPU
		{8E930652-FFFF-4BCF-97F1-54B7CA7DE089}.Docker|Any CPU.Build.0 = Debug|Any CPU
		{8E930652-FFFF-4BCF-97F1-54B7CA7DE089}.Local|Any CPU.ActiveCfg = Debug|Any CPU
		{8E930652-FFFF-4BCF-97F1-54B7CA7DE089}.Local|Any CPU.Build.0 = Debug|Any CPU
		{8E930652-FFFF-4BCF-97F1-54B7CA7DE089}.Release|Any CPU.ActiveCfg = Release|Any CPU
		{8E930652-FFFF-4BCF-97F1-54B7CA7DE089}.Release|Any CPU.Build.0 = Release|Any CPU
		{312428B0-8E2B-4454-A60C-8586B79B0F86}.Debug|Any CPU.ActiveCfg = Debug|Any CPU
		{312428B0-8E2B-4454-A60C-8586B79B0F86}.Debug|Any CPU.Build.0 = Debug|Any CPU
		{312428B0-8E2B-4454-A60C-8586B79B0F86}.Docker|Any CPU.ActiveCfg = Debug|Any CPU
		{312428B0-8E2B-4454-A60C-8586B79B0F86}.Docker|Any CPU.Build.0 = Debug|Any CPU
		{312428B0-8E2B-4454-A60C-8586B79B0F86}.Local|Any CPU.ActiveCfg = Local|Any CPU
		{312428B0-8E2B-4454-A60C-8586B79B0F86}.Local|Any CPU.Build.0 = Local|Any CPU
		{312428B0-8E2B-4454-A60C-8586B79B0F86}.Release|Any CPU.ActiveCfg = Release|Any CPU
		{312428B0-8E2B-4454-A60C-8586B79B0F86}.Release|Any CPU.Build.0 = Release|Any CPU
		{211AA988-6051-46E9-A77C-F4447F81CE1B}.Debug|Any CPU.ActiveCfg = Debug|Any CPU
		{211AA988-6051-46E9-A77C-F4447F81CE1B}.Debug|Any CPU.Build.0 = Debug|Any CPU
		{211AA988-6051-46E9-A77C-F4447F81CE1B}.Docker|Any CPU.ActiveCfg = Debug|Any CPU
		{211AA988-6051-46E9-A77C-F4447F81CE1B}.Docker|Any CPU.Build.0 = Debug|Any CPU
		{211AA988-6051-46E9-A77C-F4447F81CE1B}.Local|Any CPU.ActiveCfg = Debug|Any CPU
		{211AA988-6051-46E9-A77C-F4447F81CE1B}.Local|Any CPU.Build.0 = Debug|Any CPU
		{211AA988-6051-46E9-A77C-F4447F81CE1B}.Release|Any CPU.ActiveCfg = Release|Any CPU
		{211AA988-6051-46E9-A77C-F4447F81CE1B}.Release|Any CPU.Build.0 = Release|Any CPU
		{17BB648F-36A4-4023-9A45-08A6D62B676B}.Debug|Any CPU.ActiveCfg = Debug|Any CPU
		{17BB648F-36A4-4023-9A45-08A6D62B676B}.Debug|Any CPU.Build.0 = Debug|Any CPU
		{17BB648F-36A4-4023-9A45-08A6D62B676B}.Docker|Any CPU.ActiveCfg = Debug|Any CPU
		{17BB648F-36A4-4023-9A45-08A6D62B676B}.Docker|Any CPU.Build.0 = Debug|Any CPU
		{17BB648F-36A4-4023-9A45-08A6D62B676B}.Local|Any CPU.ActiveCfg = Local|Any CPU
		{17BB648F-36A4-4023-9A45-08A6D62B676B}.Local|Any CPU.Build.0 = Local|Any CPU
		{17BB648F-36A4-4023-9A45-08A6D62B676B}.Release|Any CPU.ActiveCfg = Release|Any CPU
		{17BB648F-36A4-4023-9A45-08A6D62B676B}.Release|Any CPU.Build.0 = Release|Any CPU
		{2D37618F-5D81-4432-8FB4-6F8479C67C90}.Debug|Any CPU.ActiveCfg = Debug|Any CPU
		{2D37618F-5D81-4432-8FB4-6F8479C67C90}.Debug|Any CPU.Build.0 = Debug|Any CPU
		{2D37618F-5D81-4432-8FB4-6F8479C67C90}.Docker|Any CPU.ActiveCfg = Debug|Any CPU
		{2D37618F-5D81-4432-8FB4-6F8479C67C90}.Docker|Any CPU.Build.0 = Debug|Any CPU
		{2D37618F-5D81-4432-8FB4-6F8479C67C90}.Local|Any CPU.ActiveCfg = Local|Any CPU
		{2D37618F-5D81-4432-8FB4-6F8479C67C90}.Local|Any CPU.Build.0 = Local|Any CPU
		{2D37618F-5D81-4432-8FB4-6F8479C67C90}.Release|Any CPU.ActiveCfg = Release|Any CPU
		{2D37618F-5D81-4432-8FB4-6F8479C67C90}.Release|Any CPU.Build.0 = Release|Any CPU
		{A582646B-D283-468E-B214-816B1D771741}.Debug|Any CPU.ActiveCfg = Debug|Any CPU
		{A582646B-D283-468E-B214-816B1D771741}.Debug|Any CPU.Build.0 = Debug|Any CPU
		{A582646B-D283-468E-B214-816B1D771741}.Docker|Any CPU.ActiveCfg = Debug|Any CPU
		{A582646B-D283-468E-B214-816B1D771741}.Docker|Any CPU.Build.0 = Debug|Any CPU
		{A582646B-D283-468E-B214-816B1D771741}.Local|Any CPU.ActiveCfg = Local|Any CPU
		{A582646B-D283-468E-B214-816B1D771741}.Local|Any CPU.Build.0 = Local|Any CPU
		{A582646B-D283-468E-B214-816B1D771741}.Release|Any CPU.ActiveCfg = Release|Any CPU
		{A582646B-D283-468E-B214-816B1D771741}.Release|Any CPU.Build.0 = Release|Any CPU
		{6064643F-B323-45B7-BD9B-20A4B6029E17}.Debug|Any CPU.ActiveCfg = Debug|Any CPU
		{6064643F-B323-45B7-BD9B-20A4B6029E17}.Debug|Any CPU.Build.0 = Debug|Any CPU
		{6064643F-B323-45B7-BD9B-20A4B6029E17}.Docker|Any CPU.ActiveCfg = Debug|Any CPU
		{6064643F-B323-45B7-BD9B-20A4B6029E17}.Docker|Any CPU.Build.0 = Debug|Any CPU
		{6064643F-B323-45B7-BD9B-20A4B6029E17}.Local|Any CPU.ActiveCfg = Debug|Any CPU
		{6064643F-B323-45B7-BD9B-20A4B6029E17}.Local|Any CPU.Build.0 = Debug|Any CPU
		{6064643F-B323-45B7-BD9B-20A4B6029E17}.Release|Any CPU.ActiveCfg = Release|Any CPU
		{6064643F-B323-45B7-BD9B-20A4B6029E17}.Release|Any CPU.Build.0 = Release|Any CPU
		{CB23D792-0315-4F73-A12D-D2F9009F0BD0}.Debug|Any CPU.ActiveCfg = Debug|Any CPU
		{CB23D792-0315-4F73-A12D-D2F9009F0BD0}.Debug|Any CPU.Build.0 = Debug|Any CPU
		{CB23D792-0315-4F73-A12D-D2F9009F0BD0}.Docker|Any CPU.ActiveCfg = Debug|Any CPU
		{CB23D792-0315-4F73-A12D-D2F9009F0BD0}.Docker|Any CPU.Build.0 = Debug|Any CPU
		{CB23D792-0315-4F73-A12D-D2F9009F0BD0}.Local|Any CPU.ActiveCfg = Local|Any CPU
		{CB23D792-0315-4F73-A12D-D2F9009F0BD0}.Local|Any CPU.Build.0 = Local|Any CPU
		{CB23D792-0315-4F73-A12D-D2F9009F0BD0}.Release|Any CPU.ActiveCfg = Release|Any CPU
		{CB23D792-0315-4F73-A12D-D2F9009F0BD0}.Release|Any CPU.Build.0 = Release|Any CPU
		{03A6A9C1-7C9B-4317-9F92-26681DBAD641}.Debug|Any CPU.ActiveCfg = Debug|Any CPU
		{03A6A9C1-7C9B-4317-9F92-26681DBAD641}.Debug|Any CPU.Build.0 = Debug|Any CPU
		{03A6A9C1-7C9B-4317-9F92-26681DBAD641}.Docker|Any CPU.ActiveCfg = Debug|Any CPU
		{03A6A9C1-7C9B-4317-9F92-26681DBAD641}.Docker|Any CPU.Build.0 = Debug|Any CPU
		{03A6A9C1-7C9B-4317-9F92-26681DBAD641}.Local|Any CPU.ActiveCfg = Local|Any CPU
		{03A6A9C1-7C9B-4317-9F92-26681DBAD641}.Local|Any CPU.Build.0 = Local|Any CPU
		{03A6A9C1-7C9B-4317-9F92-26681DBAD641}.Release|Any CPU.ActiveCfg = Release|Any CPU
		{03A6A9C1-7C9B-4317-9F92-26681DBAD641}.Release|Any CPU.Build.0 = Release|Any CPU
		{340101CB-E065-4164-9F73-DD4A98F6333C}.Debug|Any CPU.ActiveCfg = Debug|Any CPU
		{340101CB-E065-4164-9F73-DD4A98F6333C}.Debug|Any CPU.Build.0 = Debug|Any CPU
		{340101CB-E065-4164-9F73-DD4A98F6333C}.Docker|Any CPU.ActiveCfg = Debug|Any CPU
		{340101CB-E065-4164-9F73-DD4A98F6333C}.Docker|Any CPU.Build.0 = Debug|Any CPU
		{340101CB-E065-4164-9F73-DD4A98F6333C}.Local|Any CPU.ActiveCfg = Local|Any CPU
		{340101CB-E065-4164-9F73-DD4A98F6333C}.Local|Any CPU.Build.0 = Local|Any CPU
		{340101CB-E065-4164-9F73-DD4A98F6333C}.Release|Any CPU.ActiveCfg = Release|Any CPU
		{340101CB-E065-4164-9F73-DD4A98F6333C}.Release|Any CPU.Build.0 = Release|Any CPU
		{32766E31-F930-48DE-BAD8-6CCD89CADB28}.Debug|Any CPU.ActiveCfg = Debug|Any CPU
		{32766E31-F930-48DE-BAD8-6CCD89CADB28}.Debug|Any CPU.Build.0 = Debug|Any CPU
		{32766E31-F930-48DE-BAD8-6CCD89CADB28}.Docker|Any CPU.ActiveCfg = Debug|Any CPU
		{32766E31-F930-48DE-BAD8-6CCD89CADB28}.Docker|Any CPU.Build.0 = Debug|Any CPU
		{32766E31-F930-48DE-BAD8-6CCD89CADB28}.Local|Any CPU.ActiveCfg = Local|Any CPU
		{32766E31-F930-48DE-BAD8-6CCD89CADB28}.Local|Any CPU.Build.0 = Local|Any CPU
		{32766E31-F930-48DE-BAD8-6CCD89CADB28}.Release|Any CPU.ActiveCfg = Release|Any CPU
		{32766E31-F930-48DE-BAD8-6CCD89CADB28}.Release|Any CPU.Build.0 = Release|Any CPU
		{D73D95AB-D6D2-4782-8232-5C16373A6DA9}.Debug|Any CPU.ActiveCfg = Debug|Any CPU
		{D73D95AB-D6D2-4782-8232-5C16373A6DA9}.Debug|Any CPU.Build.0 = Debug|Any CPU
		{D73D95AB-D6D2-4782-8232-5C16373A6DA9}.Docker|Any CPU.ActiveCfg = Debug|Any CPU
		{D73D95AB-D6D2-4782-8232-5C16373A6DA9}.Docker|Any CPU.Build.0 = Debug|Any CPU
		{D73D95AB-D6D2-4782-8232-5C16373A6DA9}.Local|Any CPU.ActiveCfg = Debug|Any CPU
		{D73D95AB-D6D2-4782-8232-5C16373A6DA9}.Local|Any CPU.Build.0 = Debug|Any CPU
		{D73D95AB-D6D2-4782-8232-5C16373A6DA9}.Release|Any CPU.ActiveCfg = Release|Any CPU
		{D73D95AB-D6D2-4782-8232-5C16373A6DA9}.Release|Any CPU.Build.0 = Release|Any CPU
		{D7A6F8D0-CB2C-4D7A-A0BD-59D07E6ACD4F}.Debug|Any CPU.ActiveCfg = Debug|Any CPU
		{D7A6F8D0-CB2C-4D7A-A0BD-59D07E6ACD4F}.Debug|Any CPU.Build.0 = Debug|Any CPU
		{D7A6F8D0-CB2C-4D7A-A0BD-59D07E6ACD4F}.Docker|Any CPU.ActiveCfg = Debug|Any CPU
		{D7A6F8D0-CB2C-4D7A-A0BD-59D07E6ACD4F}.Docker|Any CPU.Build.0 = Debug|Any CPU
		{D7A6F8D0-CB2C-4D7A-A0BD-59D07E6ACD4F}.Local|Any CPU.ActiveCfg = Local|Any CPU
		{D7A6F8D0-CB2C-4D7A-A0BD-59D07E6ACD4F}.Local|Any CPU.Build.0 = Local|Any CPU
		{D7A6F8D0-CB2C-4D7A-A0BD-59D07E6ACD4F}.Release|Any CPU.ActiveCfg = Release|Any CPU
		{D7A6F8D0-CB2C-4D7A-A0BD-59D07E6ACD4F}.Release|Any CPU.Build.0 = Release|Any CPU
		{1A620539-F602-4344-A38D-42CDEF100EE5}.Debug|Any CPU.ActiveCfg = Debug|Any CPU
		{1A620539-F602-4344-A38D-42CDEF100EE5}.Debug|Any CPU.Build.0 = Debug|Any CPU
		{1A620539-F602-4344-A38D-42CDEF100EE5}.Docker|Any CPU.ActiveCfg = Debug|Any CPU
		{1A620539-F602-4344-A38D-42CDEF100EE5}.Docker|Any CPU.Build.0 = Debug|Any CPU
		{1A620539-F602-4344-A38D-42CDEF100EE5}.Local|Any CPU.ActiveCfg = Local|Any CPU
		{1A620539-F602-4344-A38D-42CDEF100EE5}.Local|Any CPU.Build.0 = Local|Any CPU
		{1A620539-F602-4344-A38D-42CDEF100EE5}.Release|Any CPU.ActiveCfg = Release|Any CPU
		{1A620539-F602-4344-A38D-42CDEF100EE5}.Release|Any CPU.Build.0 = Release|Any CPU
		{106AB569-9D13-425F-B1E2-A62B9AC34026}.Debug|Any CPU.ActiveCfg = Debug|Any CPU
		{106AB569-9D13-425F-B1E2-A62B9AC34026}.Debug|Any CPU.Build.0 = Debug|Any CPU
		{106AB569-9D13-425F-B1E2-A62B9AC34026}.Docker|Any CPU.ActiveCfg = Debug|Any CPU
		{106AB569-9D13-425F-B1E2-A62B9AC34026}.Docker|Any CPU.Build.0 = Debug|Any CPU
		{106AB569-9D13-425F-B1E2-A62B9AC34026}.Local|Any CPU.ActiveCfg = Local|Any CPU
		{106AB569-9D13-425F-B1E2-A62B9AC34026}.Local|Any CPU.Build.0 = Local|Any CPU
		{106AB569-9D13-425F-B1E2-A62B9AC34026}.Release|Any CPU.ActiveCfg = Release|Any CPU
		{106AB569-9D13-425F-B1E2-A62B9AC34026}.Release|Any CPU.Build.0 = Release|Any CPU
		{76B325BB-EFF4-485A-A062-DBC1E0549931}.Debug|Any CPU.ActiveCfg = Debug|Any CPU
		{76B325BB-EFF4-485A-A062-DBC1E0549931}.Debug|Any CPU.Build.0 = Debug|Any CPU
		{76B325BB-EFF4-485A-A062-DBC1E0549931}.Docker|Any CPU.ActiveCfg = Debug|Any CPU
		{76B325BB-EFF4-485A-A062-DBC1E0549931}.Docker|Any CPU.Build.0 = Debug|Any CPU
		{76B325BB-EFF4-485A-A062-DBC1E0549931}.Local|Any CPU.ActiveCfg = Local|Any CPU
		{76B325BB-EFF4-485A-A062-DBC1E0549931}.Local|Any CPU.Build.0 = Local|Any CPU
		{76B325BB-EFF4-485A-A062-DBC1E0549931}.Release|Any CPU.ActiveCfg = Release|Any CPU
		{76B325BB-EFF4-485A-A062-DBC1E0549931}.Release|Any CPU.Build.0 = Release|Any CPU
		{9D62E8B8-5B03-44FF-BF78-5FB60AAFE514}.Debug|Any CPU.ActiveCfg = Debug|Any CPU
		{9D62E8B8-5B03-44FF-BF78-5FB60AAFE514}.Debug|Any CPU.Build.0 = Debug|Any CPU
		{9D62E8B8-5B03-44FF-BF78-5FB60AAFE514}.Docker|Any CPU.ActiveCfg = Debug|Any CPU
		{9D62E8B8-5B03-44FF-BF78-5FB60AAFE514}.Docker|Any CPU.Build.0 = Debug|Any CPU
		{9D62E8B8-5B03-44FF-BF78-5FB60AAFE514}.Local|Any CPU.ActiveCfg = Debug|Any CPU
		{9D62E8B8-5B03-44FF-BF78-5FB60AAFE514}.Local|Any CPU.Build.0 = Debug|Any CPU
		{9D62E8B8-5B03-44FF-BF78-5FB60AAFE514}.Release|Any CPU.ActiveCfg = Release|Any CPU
		{9D62E8B8-5B03-44FF-BF78-5FB60AAFE514}.Release|Any CPU.Build.0 = Release|Any CPU
	EndGlobalSection
	GlobalSection(SolutionProperties) = preSolution
		HideSolutionNode = FALSE
	EndGlobalSection
	GlobalSection(NestedProjects) = preSolution
		{03214D78-0E18-46B4-AFE1-19C06D5D27AC} = {4221A031-3665-41E5-8017-D499ED8F7A31}
		{1E993341-DFAF-4959-BD2E-79989A24A3EB} = {4221A031-3665-41E5-8017-D499ED8F7A31}
		{9C6A3E2E-628A-4403-A721-2985B8A9A21D} = {4221A031-3665-41E5-8017-D499ED8F7A31}
		{072F6B48-1A82-4B16-900E-E86B11EC7DEA} = {4221A031-3665-41E5-8017-D499ED8F7A31}
		{6C586ECA-4A65-45F4-86A0-13AD1D3392CE} = {895A0CB0-4717-43A3-ACC6-989C173B7D3E}
		{F7AF47CE-3501-4E39-8570-5E3284A6A01A} = {6C586ECA-4A65-45F4-86A0-13AD1D3392CE}
		{BEE7E209-FBA6-4628-B9C8-84A63DAB5709} = {6C586ECA-4A65-45F4-86A0-13AD1D3392CE}
		{8F5098FE-FAB9-4646-A974-0D8D5BE87C13} = {895A0CB0-4717-43A3-ACC6-989C173B7D3E}
		{5420754F-FB11-4B18-AA78-A4622E635B2A} = {1E993341-DFAF-4959-BD2E-79989A24A3EB}
		{6D96306D-A955-4DC7-8653-D76EE022F26B} = {1E993341-DFAF-4959-BD2E-79989A24A3EB}
		{8E930652-FFFF-4BCF-97F1-54B7CA7DE089} = {1E993341-DFAF-4959-BD2E-79989A24A3EB}
		{312428B0-8E2B-4454-A60C-8586B79B0F86} = {1E993341-DFAF-4959-BD2E-79989A24A3EB}
		{211AA988-6051-46E9-A77C-F4447F81CE1B} = {072F6B48-1A82-4B16-900E-E86B11EC7DEA}
		{17BB648F-36A4-4023-9A45-08A6D62B676B} = {03214D78-0E18-46B4-AFE1-19C06D5D27AC}
		{2D37618F-5D81-4432-8FB4-6F8479C67C90} = {03214D78-0E18-46B4-AFE1-19C06D5D27AC}
		{A582646B-D283-468E-B214-816B1D771741} = {03214D78-0E18-46B4-AFE1-19C06D5D27AC}
		{6064643F-B323-45B7-BD9B-20A4B6029E17} = {9C6A3E2E-628A-4403-A721-2985B8A9A21D}
		{CB23D792-0315-4F73-A12D-D2F9009F0BD0} = {A6613CAF-30A7-471B-A661-52D34D481943}
		{03A6A9C1-7C9B-4317-9F92-26681DBAD641} = {A6613CAF-30A7-471B-A661-52D34D481943}
		{340101CB-E065-4164-9F73-DD4A98F6333C} = {A6613CAF-30A7-471B-A661-52D34D481943}
		{32766E31-F930-48DE-BAD8-6CCD89CADB28} = {A6613CAF-30A7-471B-A661-52D34D481943}
		{D73D95AB-D6D2-4782-8232-5C16373A6DA9} = {A6613CAF-30A7-471B-A661-52D34D481943}
		{D7A6F8D0-CB2C-4D7A-A0BD-59D07E6ACD4F} = {A6613CAF-30A7-471B-A661-52D34D481943}
		{1A620539-F602-4344-A38D-42CDEF100EE5} = {A6613CAF-30A7-471B-A661-52D34D481943}
		{106AB569-9D13-425F-B1E2-A62B9AC34026} = {A6613CAF-30A7-471B-A661-52D34D481943}
		{76B325BB-EFF4-485A-A062-DBC1E0549931} = {4221A031-3665-41E5-8017-D499ED8F7A31}
	EndGlobalSection
	GlobalSection(ExtensibilityGlobals) = postSolution
		SolutionGuid = {88D9F8A4-8F8A-4E03-A92F-34BCFF26A09D}
	EndGlobalSection
EndGlobal
