
Microsoft Visual Studio Solution File, Format Version 12.00
# Visual Studio 15
VisualStudioVersion = 15.0.27130.2027
MinimumVisualStudioVersion = 10.0.40219.1
Project("{2150E333-8FDC-42A3-9474-1A3956D46DE8}") = "03.ezStore", "03.ezStore", "{895A0CB0-4717-43A3-ACC6-989C173B7D3E}"
EndProject
Project("{2150E333-8FDC-42A3-9474-1A3956D46DE8}") = "00.Documents", "00.Documents", "{27CF47C0-D490-4F3D-AA76-AC8DB3D48DC7}"
	ProjectSection(SolutionItems) = preProject
		..\LICENSE = ..\LICENSE
		..\README.md = ..\README.md
	EndProjectSection
EndProject
Project("{2150E333-8FDC-42A3-9474-1A3956D46DE8}") = "Product", "Product", "{6C586ECA-4A65-45F4-86A0-13AD1D3392CE}"
EndProject
Project("{2150E333-8FDC-42A3-9474-1A3956D46DE8}") = "k8s", "k8s", "{9CC383E6-C307-4003-AE6D-9376CC747F7C}"
	ProjectSection(SolutionItems) = preProject
		k8s\00-kubernetes-admin.bat = k8s\00-kubernetes-admin.bat
		k8s\01-build-db.bat = k8s\01-build-db.bat
		k8s\02-delete-db.bat = k8s\02-delete-db.bat
		k8s\02-deploy-db.bat = k8s\02-deploy-db.bat
		k8s\03-build-api.bat = k8s\03-build-api.bat
		k8s\04-delete-api.bat = k8s\04-delete-api.bat
		k8s\04-deploy-api.bat = k8s\04-deploy-api.bat
		k8s\05-build-webui.bat = k8s\05-build-webui.bat
		k8s\06-publish-webui-image.bat = k8s\06-publish-webui-image.bat
		k8s\07-deploy-webui.bat = k8s\07-deploy-webui.bat
		k8s\istio-01-install.bat = k8s\istio-01-install.bat
		k8s\istio-02-dashboard.bat = k8s\istio-02-dashboard.bat
		k8s\istio-03-rules.bat = k8s\istio-03-rules.bat
		k8s\istio-04-gateway.bat = k8s\istio-04-gateway.bat
		k8s\istio-05-setup-api.bat = k8s\istio-05-setup-api.bat
		k8s\istio-gateway.yaml = k8s\istio-gateway.yaml
		k8s\istio-rules.yaml = k8s\istio-rules.yaml
		k8s\k8s.service.api.yaml = k8s\k8s.service.api.yaml
		k8s\k8s.service.db.yaml = k8s\k8s.service.db.yaml
		k8s\k8s.webui.yaml = k8s\k8s.webui.yaml
	EndProjectSection
EndProject
Project("{E53339B2-1760-4266-BCC7-CA923CBCF16C}") = "docker-compose", "docker-compose.dcproj", "{9D62E8B8-5B03-44FF-BF78-5FB60AAFE514}"
EndProject
Project("{2150E333-8FDC-42A3-9474-1A3956D46DE8}") = "Order", "Order", "{4DF144CE-7FC3-4546-B563-DBC3B7D3E335}"
EndProject
Project("{2150E333-8FDC-42A3-9474-1A3956D46DE8}") = "Payment", "Payment", "{491C4893-A7D3-4627-854B-66D9B938F4FB}"
EndProject
Project("{2150E333-8FDC-42A3-9474-1A3956D46DE8}") = "WareHouse", "WareHouse", "{B0EFF83D-B524-4FB5-8A1D-17B2CD837AA7}"
EndProject
Project("{9A19103F-16F7-4668-BE54-9A1E7A4F7556}") = "ezStore.Product.Infrastructure", "03.ezStore\Product\ezStore.Product.Infrastructure\ezStore.Product.Infrastructure.csproj", "{AE440BFD-1A3B-4164-98FB-2502FE78C1D3}"
EndProject
Project("{9A19103F-16F7-4668-BE54-9A1E7A4F7556}") = "ezStore.Product.API", "03.ezStore\Product\ezStore.Product.API\ezStore.Product.API.csproj", "{C105EA27-FBCF-4167-A39A-4B07F2D5DC95}"
EndProject
Project("{9A19103F-16F7-4668-BE54-9A1E7A4F7556}") = "ezStore.WareHouse.API", "03.ezStore\WareHouse\ezStore.WareHouse.API\ezStore.WareHouse.API.csproj", "{9A473AC4-31F8-48CB-82B6-123AC62CB87C}"
EndProject
Project("{9A19103F-16F7-4668-BE54-9A1E7A4F7556}") = "ezStore.WareHouse.Infrastructure", "03.ezStore\WareHouse\ezStore.WareHouse.Infrastructure\ezStore.WareHouse.Infrastructure.csproj", "{31774590-1B48-4CB1-94B2-C4B0B4E5FADD}"
EndProject
Project("{9A19103F-16F7-4668-BE54-9A1E7A4F7556}") = "ezStore.Order.API", "03.ezStore\Order\ezStore.Order.API\ezStore.Order.API.csproj", "{81210200-57E9-4AF3-AE34-D18BA20DC4AC}"
EndProject
Project("{9A19103F-16F7-4668-BE54-9A1E7A4F7556}") = "ezStore.Order.Infrastructure", "03.ezStore\Order\ezStore.Order.Infrastructure\ezStore.Order.Infrastructure.csproj", "{ADC87C0E-B74C-42BA-9929-B4F53C00DA2E}"
EndProject
Project("{9A19103F-16F7-4668-BE54-9A1E7A4F7556}") = "ezStore.Payment.API", "03.ezStore\Payment\ezStore.Payment.API\ezStore.Payment.API.csproj", "{19B1EF2A-C879-442F-9EF0-B661510B4F4C}"
EndProject
Project("{9A19103F-16F7-4668-BE54-9A1E7A4F7556}") = "ezStore.Payment.Infrastructure", "03.ezStore\Payment\ezStore.Payment.Infrastructure\ezStore.Payment.Infrastructure.csproj", "{D7A26A28-01EF-415D-AADA-3C0D67D1E053}"
EndProject
Project("{9A19103F-16F7-4668-BE54-9A1E7A4F7556}") = "ezStore.WareHouse.ApplicationCore", "03.ezStore\WareHouse\ezStore.WareHouse.ApplicationCore\ezStore.WareHouse.ApplicationCore.csproj", "{D10CD0E8-AC36-4090-B204-3AAF61417B20}"
EndProject
Project("{9A19103F-16F7-4668-BE54-9A1E7A4F7556}") = "ezStore.Payment.ApplicationCore", "03.ezStore\Payment\ezStore.Payment.ApplicationCore\ezStore.Payment.ApplicationCore.csproj", "{CFB9B8A8-E3A3-40D5-99DA-026FDC86F2B5}"
EndProject
Project("{9A19103F-16F7-4668-BE54-9A1E7A4F7556}") = "ezStore.Order.ApplicationCore", "03.ezStore\Order\ezStore.Order.ApplicationCore\ezStore.Order.ApplicationCore.csproj", "{9EE88D5E-4899-4B22-AC87-B3EAD9DCA6FD}"
EndProject
Project("{9A19103F-16F7-4668-BE54-9A1E7A4F7556}") = "ezStore.Product.ApplicationCore", "03.ezStore\Product\ezStore.Product.ApplicationCore\ezStore.Product.ApplicationCore.csproj", "{CDF94D85-55AF-4F53-939E-B3E9F1B03B19}"
EndProject
Project("{9A19103F-16F7-4668-BE54-9A1E7A4F7556}") = "ezStore.IntegrationEvents", "03.ezStore\IntegrationEvents\ezStore.IntegrationEvents.csproj", "{842D0B86-27C7-49F9-B691-B0544A6E78FA}"
EndProject
Global
	GlobalSection(SolutionConfigurationPlatforms) = preSolution
		Debug|Any CPU = Debug|Any CPU
		Docker|Any CPU = Docker|Any CPU
		Local|Any CPU = Local|Any CPU
		Release|Any CPU = Release|Any CPU
	EndGlobalSection
	GlobalSection(ProjectConfigurationPlatforms) = postSolution
		{9D62E8B8-5B03-44FF-BF78-5FB60AAFE514}.Debug|Any CPU.ActiveCfg = Debug|Any CPU
		{9D62E8B8-5B03-44FF-BF78-5FB60AAFE514}.Debug|Any CPU.Build.0 = Debug|Any CPU
		{9D62E8B8-5B03-44FF-BF78-5FB60AAFE514}.Docker|Any CPU.ActiveCfg = Debug|Any CPU
		{9D62E8B8-5B03-44FF-BF78-5FB60AAFE514}.Docker|Any CPU.Build.0 = Debug|Any CPU
		{9D62E8B8-5B03-44FF-BF78-5FB60AAFE514}.Local|Any CPU.ActiveCfg = Debug|Any CPU
		{9D62E8B8-5B03-44FF-BF78-5FB60AAFE514}.Local|Any CPU.Build.0 = Debug|Any CPU
		{9D62E8B8-5B03-44FF-BF78-5FB60AAFE514}.Release|Any CPU.ActiveCfg = Release|Any CPU
		{9D62E8B8-5B03-44FF-BF78-5FB60AAFE514}.Release|Any CPU.Build.0 = Release|Any CPU
		{AE440BFD-1A3B-4164-98FB-2502FE78C1D3}.Debug|Any CPU.ActiveCfg = Debug|Any CPU
		{AE440BFD-1A3B-4164-98FB-2502FE78C1D3}.Debug|Any CPU.Build.0 = Debug|Any CPU
		{AE440BFD-1A3B-4164-98FB-2502FE78C1D3}.Docker|Any CPU.ActiveCfg = Debug|Any CPU
		{AE440BFD-1A3B-4164-98FB-2502FE78C1D3}.Docker|Any CPU.Build.0 = Debug|Any CPU
		{AE440BFD-1A3B-4164-98FB-2502FE78C1D3}.Local|Any CPU.ActiveCfg = Debug|Any CPU
		{AE440BFD-1A3B-4164-98FB-2502FE78C1D3}.Local|Any CPU.Build.0 = Debug|Any CPU
		{AE440BFD-1A3B-4164-98FB-2502FE78C1D3}.Release|Any CPU.ActiveCfg = Release|Any CPU
		{AE440BFD-1A3B-4164-98FB-2502FE78C1D3}.Release|Any CPU.Build.0 = Release|Any CPU
		{C105EA27-FBCF-4167-A39A-4B07F2D5DC95}.Debug|Any CPU.ActiveCfg = Debug|Any CPU
		{C105EA27-FBCF-4167-A39A-4B07F2D5DC95}.Debug|Any CPU.Build.0 = Debug|Any CPU
		{C105EA27-FBCF-4167-A39A-4B07F2D5DC95}.Docker|Any CPU.ActiveCfg = Debug|Any CPU
		{C105EA27-FBCF-4167-A39A-4B07F2D5DC95}.Docker|Any CPU.Build.0 = Debug|Any CPU
		{C105EA27-FBCF-4167-A39A-4B07F2D5DC95}.Local|Any CPU.ActiveCfg = Debug|Any CPU
		{C105EA27-FBCF-4167-A39A-4B07F2D5DC95}.Local|Any CPU.Build.0 = Debug|Any CPU
		{C105EA27-FBCF-4167-A39A-4B07F2D5DC95}.Release|Any CPU.ActiveCfg = Release|Any CPU
		{C105EA27-FBCF-4167-A39A-4B07F2D5DC95}.Release|Any CPU.Build.0 = Release|Any CPU
		{9A473AC4-31F8-48CB-82B6-123AC62CB87C}.Debug|Any CPU.ActiveCfg = Debug|Any CPU
		{9A473AC4-31F8-48CB-82B6-123AC62CB87C}.Debug|Any CPU.Build.0 = Debug|Any CPU
		{9A473AC4-31F8-48CB-82B6-123AC62CB87C}.Docker|Any CPU.ActiveCfg = Debug|Any CPU
		{9A473AC4-31F8-48CB-82B6-123AC62CB87C}.Docker|Any CPU.Build.0 = Debug|Any CPU
		{9A473AC4-31F8-48CB-82B6-123AC62CB87C}.Local|Any CPU.ActiveCfg = Debug|Any CPU
		{9A473AC4-31F8-48CB-82B6-123AC62CB87C}.Local|Any CPU.Build.0 = Debug|Any CPU
		{9A473AC4-31F8-48CB-82B6-123AC62CB87C}.Release|Any CPU.ActiveCfg = Release|Any CPU
		{9A473AC4-31F8-48CB-82B6-123AC62CB87C}.Release|Any CPU.Build.0 = Release|Any CPU
		{31774590-1B48-4CB1-94B2-C4B0B4E5FADD}.Debug|Any CPU.ActiveCfg = Debug|Any CPU
		{31774590-1B48-4CB1-94B2-C4B0B4E5FADD}.Debug|Any CPU.Build.0 = Debug|Any CPU
		{31774590-1B48-4CB1-94B2-C4B0B4E5FADD}.Docker|Any CPU.ActiveCfg = Debug|Any CPU
		{31774590-1B48-4CB1-94B2-C4B0B4E5FADD}.Docker|Any CPU.Build.0 = Debug|Any CPU
		{31774590-1B48-4CB1-94B2-C4B0B4E5FADD}.Local|Any CPU.ActiveCfg = Debug|Any CPU
		{31774590-1B48-4CB1-94B2-C4B0B4E5FADD}.Local|Any CPU.Build.0 = Debug|Any CPU
		{31774590-1B48-4CB1-94B2-C4B0B4E5FADD}.Release|Any CPU.ActiveCfg = Release|Any CPU
		{31774590-1B48-4CB1-94B2-C4B0B4E5FADD}.Release|Any CPU.Build.0 = Release|Any CPU
		{81210200-57E9-4AF3-AE34-D18BA20DC4AC}.Debug|Any CPU.ActiveCfg = Debug|Any CPU
		{81210200-57E9-4AF3-AE34-D18BA20DC4AC}.Debug|Any CPU.Build.0 = Debug|Any CPU
		{81210200-57E9-4AF3-AE34-D18BA20DC4AC}.Docker|Any CPU.ActiveCfg = Debug|Any CPU
		{81210200-57E9-4AF3-AE34-D18BA20DC4AC}.Docker|Any CPU.Build.0 = Debug|Any CPU
		{81210200-57E9-4AF3-AE34-D18BA20DC4AC}.Local|Any CPU.ActiveCfg = Debug|Any CPU
		{81210200-57E9-4AF3-AE34-D18BA20DC4AC}.Local|Any CPU.Build.0 = Debug|Any CPU
		{81210200-57E9-4AF3-AE34-D18BA20DC4AC}.Release|Any CPU.ActiveCfg = Release|Any CPU
		{81210200-57E9-4AF3-AE34-D18BA20DC4AC}.Release|Any CPU.Build.0 = Release|Any CPU
		{ADC87C0E-B74C-42BA-9929-B4F53C00DA2E}.Debug|Any CPU.ActiveCfg = Debug|Any CPU
		{ADC87C0E-B74C-42BA-9929-B4F53C00DA2E}.Debug|Any CPU.Build.0 = Debug|Any CPU
		{ADC87C0E-B74C-42BA-9929-B4F53C00DA2E}.Docker|Any CPU.ActiveCfg = Debug|Any CPU
		{ADC87C0E-B74C-42BA-9929-B4F53C00DA2E}.Docker|Any CPU.Build.0 = Debug|Any CPU
		{ADC87C0E-B74C-42BA-9929-B4F53C00DA2E}.Local|Any CPU.ActiveCfg = Debug|Any CPU
		{ADC87C0E-B74C-42BA-9929-B4F53C00DA2E}.Local|Any CPU.Build.0 = Debug|Any CPU
		{ADC87C0E-B74C-42BA-9929-B4F53C00DA2E}.Release|Any CPU.ActiveCfg = Release|Any CPU
		{ADC87C0E-B74C-42BA-9929-B4F53C00DA2E}.Release|Any CPU.Build.0 = Release|Any CPU
		{19B1EF2A-C879-442F-9EF0-B661510B4F4C}.Debug|Any CPU.ActiveCfg = Debug|Any CPU
		{19B1EF2A-C879-442F-9EF0-B661510B4F4C}.Debug|Any CPU.Build.0 = Debug|Any CPU
		{19B1EF2A-C879-442F-9EF0-B661510B4F4C}.Docker|Any CPU.ActiveCfg = Debug|Any CPU
		{19B1EF2A-C879-442F-9EF0-B661510B4F4C}.Docker|Any CPU.Build.0 = Debug|Any CPU
		{19B1EF2A-C879-442F-9EF0-B661510B4F4C}.Local|Any CPU.ActiveCfg = Debug|Any CPU
		{19B1EF2A-C879-442F-9EF0-B661510B4F4C}.Local|Any CPU.Build.0 = Debug|Any CPU
		{19B1EF2A-C879-442F-9EF0-B661510B4F4C}.Release|Any CPU.ActiveCfg = Release|Any CPU
		{19B1EF2A-C879-442F-9EF0-B661510B4F4C}.Release|Any CPU.Build.0 = Release|Any CPU
		{D7A26A28-01EF-415D-AADA-3C0D67D1E053}.Debug|Any CPU.ActiveCfg = Debug|Any CPU
		{D7A26A28-01EF-415D-AADA-3C0D67D1E053}.Debug|Any CPU.Build.0 = Debug|Any CPU
		{D7A26A28-01EF-415D-AADA-3C0D67D1E053}.Docker|Any CPU.ActiveCfg = Debug|Any CPU
		{D7A26A28-01EF-415D-AADA-3C0D67D1E053}.Docker|Any CPU.Build.0 = Debug|Any CPU
		{D7A26A28-01EF-415D-AADA-3C0D67D1E053}.Local|Any CPU.ActiveCfg = Debug|Any CPU
		{D7A26A28-01EF-415D-AADA-3C0D67D1E053}.Local|Any CPU.Build.0 = Debug|Any CPU
		{D7A26A28-01EF-415D-AADA-3C0D67D1E053}.Release|Any CPU.ActiveCfg = Release|Any CPU
		{D7A26A28-01EF-415D-AADA-3C0D67D1E053}.Release|Any CPU.Build.0 = Release|Any CPU
		{D10CD0E8-AC36-4090-B204-3AAF61417B20}.Debug|Any CPU.ActiveCfg = Debug|Any CPU
		{D10CD0E8-AC36-4090-B204-3AAF61417B20}.Debug|Any CPU.Build.0 = Debug|Any CPU
		{D10CD0E8-AC36-4090-B204-3AAF61417B20}.Docker|Any CPU.ActiveCfg = Debug|Any CPU
		{D10CD0E8-AC36-4090-B204-3AAF61417B20}.Docker|Any CPU.Build.0 = Debug|Any CPU
		{D10CD0E8-AC36-4090-B204-3AAF61417B20}.Local|Any CPU.ActiveCfg = Debug|Any CPU
		{D10CD0E8-AC36-4090-B204-3AAF61417B20}.Local|Any CPU.Build.0 = Debug|Any CPU
		{D10CD0E8-AC36-4090-B204-3AAF61417B20}.Release|Any CPU.ActiveCfg = Release|Any CPU
		{D10CD0E8-AC36-4090-B204-3AAF61417B20}.Release|Any CPU.Build.0 = Release|Any CPU
		{CFB9B8A8-E3A3-40D5-99DA-026FDC86F2B5}.Debug|Any CPU.ActiveCfg = Debug|Any CPU
		{CFB9B8A8-E3A3-40D5-99DA-026FDC86F2B5}.Debug|Any CPU.Build.0 = Debug|Any CPU
		{CFB9B8A8-E3A3-40D5-99DA-026FDC86F2B5}.Docker|Any CPU.ActiveCfg = Debug|Any CPU
		{CFB9B8A8-E3A3-40D5-99DA-026FDC86F2B5}.Docker|Any CPU.Build.0 = Debug|Any CPU
		{CFB9B8A8-E3A3-40D5-99DA-026FDC86F2B5}.Local|Any CPU.ActiveCfg = Debug|Any CPU
		{CFB9B8A8-E3A3-40D5-99DA-026FDC86F2B5}.Local|Any CPU.Build.0 = Debug|Any CPU
		{CFB9B8A8-E3A3-40D5-99DA-026FDC86F2B5}.Release|Any CPU.ActiveCfg = Release|Any CPU
		{CFB9B8A8-E3A3-40D5-99DA-026FDC86F2B5}.Release|Any CPU.Build.0 = Release|Any CPU
		{9EE88D5E-4899-4B22-AC87-B3EAD9DCA6FD}.Debug|Any CPU.ActiveCfg = Debug|Any CPU
		{9EE88D5E-4899-4B22-AC87-B3EAD9DCA6FD}.Debug|Any CPU.Build.0 = Debug|Any CPU
		{9EE88D5E-4899-4B22-AC87-B3EAD9DCA6FD}.Docker|Any CPU.ActiveCfg = Debug|Any CPU
		{9EE88D5E-4899-4B22-AC87-B3EAD9DCA6FD}.Docker|Any CPU.Build.0 = Debug|Any CPU
		{9EE88D5E-4899-4B22-AC87-B3EAD9DCA6FD}.Local|Any CPU.ActiveCfg = Debug|Any CPU
		{9EE88D5E-4899-4B22-AC87-B3EAD9DCA6FD}.Local|Any CPU.Build.0 = Debug|Any CPU
		{9EE88D5E-4899-4B22-AC87-B3EAD9DCA6FD}.Release|Any CPU.ActiveCfg = Release|Any CPU
		{9EE88D5E-4899-4B22-AC87-B3EAD9DCA6FD}.Release|Any CPU.Build.0 = Release|Any CPU
		{CDF94D85-55AF-4F53-939E-B3E9F1B03B19}.Debug|Any CPU.ActiveCfg = Debug|Any CPU
		{CDF94D85-55AF-4F53-939E-B3E9F1B03B19}.Debug|Any CPU.Build.0 = Debug|Any CPU
		{CDF94D85-55AF-4F53-939E-B3E9F1B03B19}.Docker|Any CPU.ActiveCfg = Debug|Any CPU
		{CDF94D85-55AF-4F53-939E-B3E9F1B03B19}.Docker|Any CPU.Build.0 = Debug|Any CPU
		{CDF94D85-55AF-4F53-939E-B3E9F1B03B19}.Local|Any CPU.ActiveCfg = Debug|Any CPU
		{CDF94D85-55AF-4F53-939E-B3E9F1B03B19}.Local|Any CPU.Build.0 = Debug|Any CPU
		{CDF94D85-55AF-4F53-939E-B3E9F1B03B19}.Release|Any CPU.ActiveCfg = Release|Any CPU
		{CDF94D85-55AF-4F53-939E-B3E9F1B03B19}.Release|Any CPU.Build.0 = Release|Any CPU
		{842D0B86-27C7-49F9-B691-B0544A6E78FA}.Debug|Any CPU.ActiveCfg = Debug|Any CPU
		{842D0B86-27C7-49F9-B691-B0544A6E78FA}.Debug|Any CPU.Build.0 = Debug|Any CPU
		{842D0B86-27C7-49F9-B691-B0544A6E78FA}.Docker|Any CPU.ActiveCfg = Debug|Any CPU
		{842D0B86-27C7-49F9-B691-B0544A6E78FA}.Docker|Any CPU.Build.0 = Debug|Any CPU
		{842D0B86-27C7-49F9-B691-B0544A6E78FA}.Local|Any CPU.ActiveCfg = Debug|Any CPU
		{842D0B86-27C7-49F9-B691-B0544A6E78FA}.Local|Any CPU.Build.0 = Debug|Any CPU
		{842D0B86-27C7-49F9-B691-B0544A6E78FA}.Release|Any CPU.ActiveCfg = Release|Any CPU
		{842D0B86-27C7-49F9-B691-B0544A6E78FA}.Release|Any CPU.Build.0 = Release|Any CPU
	EndGlobalSection
	GlobalSection(SolutionProperties) = preSolution
		HideSolutionNode = FALSE
	EndGlobalSection
	GlobalSection(NestedProjects) = preSolution
		{6C586ECA-4A65-45F4-86A0-13AD1D3392CE} = {895A0CB0-4717-43A3-ACC6-989C173B7D3E}
		{4DF144CE-7FC3-4546-B563-DBC3B7D3E335} = {895A0CB0-4717-43A3-ACC6-989C173B7D3E}
		{491C4893-A7D3-4627-854B-66D9B938F4FB} = {895A0CB0-4717-43A3-ACC6-989C173B7D3E}
		{B0EFF83D-B524-4FB5-8A1D-17B2CD837AA7} = {895A0CB0-4717-43A3-ACC6-989C173B7D3E}
		{AE440BFD-1A3B-4164-98FB-2502FE78C1D3} = {6C586ECA-4A65-45F4-86A0-13AD1D3392CE}
		{C105EA27-FBCF-4167-A39A-4B07F2D5DC95} = {6C586ECA-4A65-45F4-86A0-13AD1D3392CE}
		{9A473AC4-31F8-48CB-82B6-123AC62CB87C} = {B0EFF83D-B524-4FB5-8A1D-17B2CD837AA7}
		{31774590-1B48-4CB1-94B2-C4B0B4E5FADD} = {B0EFF83D-B524-4FB5-8A1D-17B2CD837AA7}
		{81210200-57E9-4AF3-AE34-D18BA20DC4AC} = {4DF144CE-7FC3-4546-B563-DBC3B7D3E335}
		{ADC87C0E-B74C-42BA-9929-B4F53C00DA2E} = {4DF144CE-7FC3-4546-B563-DBC3B7D3E335}
		{19B1EF2A-C879-442F-9EF0-B661510B4F4C} = {491C4893-A7D3-4627-854B-66D9B938F4FB}
		{D7A26A28-01EF-415D-AADA-3C0D67D1E053} = {491C4893-A7D3-4627-854B-66D9B938F4FB}
		{D10CD0E8-AC36-4090-B204-3AAF61417B20} = {B0EFF83D-B524-4FB5-8A1D-17B2CD837AA7}
		{CFB9B8A8-E3A3-40D5-99DA-026FDC86F2B5} = {491C4893-A7D3-4627-854B-66D9B938F4FB}
		{9EE88D5E-4899-4B22-AC87-B3EAD9DCA6FD} = {4DF144CE-7FC3-4546-B563-DBC3B7D3E335}
		{CDF94D85-55AF-4F53-939E-B3E9F1B03B19} = {6C586ECA-4A65-45F4-86A0-13AD1D3392CE}
		{842D0B86-27C7-49F9-B691-B0544A6E78FA} = {895A0CB0-4717-43A3-ACC6-989C173B7D3E}
	EndGlobalSection
	GlobalSection(ExtensibilityGlobals) = postSolution
		SolutionGuid = {88D9F8A4-8F8A-4E03-A92F-34BCFF26A09D}
	EndGlobalSection
EndGlobal
