
Microsoft Visual Studio Solution File, Format Version 12.00
# Visual Studio 15
VisualStudioVersion = 15.0.27130.2027
MinimumVisualStudioVersion = 10.0.40219.1
Project("{2150E333-8FDC-42A3-9474-1A3956D46DE8}") = "Member", "Member", "{03214D78-0E18-46B4-AFE1-19C06D5D27AC}"
EndProject
Project("{2150E333-8FDC-42A3-9474-1A3956D46DE8}") = "01. Libraries", "01. Libraries", "{A6613CAF-30A7-471B-A661-52D34D481943}"
EndProject
Project("{9A19103F-16F7-4668-BE54-9A1E7A4F7556}") = "Microservice.Core.DataAccess", "Microservice.Core.DataAccess\Microservice.Core.DataAccess.csproj", "{A447ECFD-D0DA-40A2-915A-3A5A8580A003}"
EndProject
Project("{9A19103F-16F7-4668-BE54-9A1E7A4F7556}") = "Microservice.Core.DataAccess.MongoDB", "Microservice.Core.DataAccess.MongoDB\Microservice.Core.DataAccess.MongoDB.csproj", "{EB610B2F-BC65-4488-9EE3-D907245F8EBC}"
EndProject
Project("{9A19103F-16F7-4668-BE54-9A1E7A4F7556}") = "Microservice.Core.CachingService", "Microservice.Core.CachingService\Microservice.Core.CachingService.csproj", "{B359F45F-0538-48F2-9C82-058675B08F59}"
EndProject
Project("{2150E333-8FDC-42A3-9474-1A3956D46DE8}") = "02. Services", "02. Services", "{4221A031-3665-41E5-8017-D499ED8F7A31}"
EndProject
Project("{9A19103F-16F7-4668-BE54-9A1E7A4F7556}") = "Microservice.Core", "Microservice.Core\Microservice.Core.csproj", "{89622E04-C7E2-4B67-B535-6F3D25FA7BDC}"
EndProject
Project("{E53339B2-1760-4266-BCC7-CA923CBCF16C}") = "docker-compose", "docker-compose.dcproj", "{DB73F604-428A-4DDA-A352-0AF084E52AC6}"
EndProject
Project("{9A19103F-16F7-4668-BE54-9A1E7A4F7556}") = "Microservice.IdentityServer", "Microservice.IdentityServer\Microservice.IdentityServer.csproj", "{F9D71BA9-CB39-4786-BB6F-460007E68FE8}"
EndProject
Project("{2150E333-8FDC-42A3-9474-1A3956D46DE8}") = "Logging", "Logging", "{1E993341-DFAF-4959-BD2E-79989A24A3EB}"
EndProject
Project("{9A19103F-16F7-4668-BE54-9A1E7A4F7556}") = "Microservice.Logging.API", "Microservice.Logging.API\Microservice.Logging.API.csproj", "{16E82A5E-ECAA-4B0E-A6A0-9725B88DA840}"
EndProject
Project("{9A19103F-16F7-4668-BE54-9A1E7A4F7556}") = "Microservice.Member.Domain", "Microservice.Member.Domain\Microservice.Member.Domain.csproj", "{E4C15112-040A-4656-9AB4-811C4A3F5E28}"
EndProject
Project("{9A19103F-16F7-4668-BE54-9A1E7A4F7556}") = "Microservice.Logging.BackgroundProcess", "Microservice.Logging.BackgroundProcess\Microservice.Logging.BackgroundProcess.csproj", "{67ED0F60-80D0-434D-8DB0-62462129A420}"
EndProject
Project("{2150E333-8FDC-42A3-9474-1A3956D46DE8}") = "SharedEvents", "SharedEvents", "{DAFD73DB-D761-4C98-9D9C-A06AD76DA3A4}"
EndProject
Project("{9A19103F-16F7-4668-BE54-9A1E7A4F7556}") = "Microservice.Logging.Persistence.Model", "Microservice.Logging.Persistence.Model\Microservice.Logging.Persistence.Model.csproj", "{39CAEFC9-DF97-4693-B4B5-AF1535246E9C}"
EndProject
Project("{9A19103F-16F7-4668-BE54-9A1E7A4F7556}") = "Microservice.SharedEvents", "Microservice.SharedEvents\Microservice.SharedEvents.csproj", "{BFB341A7-7E61-4C31-B1B3-A8D6F3E98693}"
EndProject
Project("{FAE04EC0-301F-11D3-BF4B-00C04F79EFBC}") = "Microservice.Core.DomainService", "Microservice.Core.DomainService\Microservice.Core.DomainService.csproj", "{6D2DFFA7-4D77-495B-9B77-CFD8D12C4379}"
EndProject
Project("{FAE04EC0-301F-11D3-BF4B-00C04F79EFBC}") = "Microservice.Core.MessageQueue", "Microservice.Core.MessageQueue\Microservice.Core.MessageQueue.csproj", "{F28A8C2B-FAD8-431B-8E3F-210318612A65}"
EndProject
Global
	GlobalSection(SolutionConfigurationPlatforms) = preSolution
		Debug|Any CPU = Debug|Any CPU
		Release|Any CPU = Release|Any CPU
	EndGlobalSection
	GlobalSection(ProjectConfigurationPlatforms) = postSolution
		{A447ECFD-D0DA-40A2-915A-3A5A8580A003}.Debug|Any CPU.ActiveCfg = Debug|Any CPU
		{A447ECFD-D0DA-40A2-915A-3A5A8580A003}.Debug|Any CPU.Build.0 = Debug|Any CPU
		{A447ECFD-D0DA-40A2-915A-3A5A8580A003}.Release|Any CPU.ActiveCfg = Release|Any CPU
		{A447ECFD-D0DA-40A2-915A-3A5A8580A003}.Release|Any CPU.Build.0 = Release|Any CPU
		{EB610B2F-BC65-4488-9EE3-D907245F8EBC}.Debug|Any CPU.ActiveCfg = Debug|Any CPU
		{EB610B2F-BC65-4488-9EE3-D907245F8EBC}.Debug|Any CPU.Build.0 = Debug|Any CPU
		{EB610B2F-BC65-4488-9EE3-D907245F8EBC}.Release|Any CPU.ActiveCfg = Release|Any CPU
		{EB610B2F-BC65-4488-9EE3-D907245F8EBC}.Release|Any CPU.Build.0 = Release|Any CPU
		{B359F45F-0538-48F2-9C82-058675B08F59}.Debug|Any CPU.ActiveCfg = Debug|Any CPU
		{B359F45F-0538-48F2-9C82-058675B08F59}.Debug|Any CPU.Build.0 = Debug|Any CPU
		{B359F45F-0538-48F2-9C82-058675B08F59}.Release|Any CPU.ActiveCfg = Release|Any CPU
		{B359F45F-0538-48F2-9C82-058675B08F59}.Release|Any CPU.Build.0 = Release|Any CPU
		{89622E04-C7E2-4B67-B535-6F3D25FA7BDC}.Debug|Any CPU.ActiveCfg = Debug|Any CPU
		{89622E04-C7E2-4B67-B535-6F3D25FA7BDC}.Debug|Any CPU.Build.0 = Debug|Any CPU
		{89622E04-C7E2-4B67-B535-6F3D25FA7BDC}.Release|Any CPU.ActiveCfg = Release|Any CPU
		{89622E04-C7E2-4B67-B535-6F3D25FA7BDC}.Release|Any CPU.Build.0 = Release|Any CPU
		{DB73F604-428A-4DDA-A352-0AF084E52AC6}.Debug|Any CPU.ActiveCfg = Debug|Any CPU
		{DB73F604-428A-4DDA-A352-0AF084E52AC6}.Debug|Any CPU.Build.0 = Debug|Any CPU
		{DB73F604-428A-4DDA-A352-0AF084E52AC6}.Release|Any CPU.ActiveCfg = Release|Any CPU
		{DB73F604-428A-4DDA-A352-0AF084E52AC6}.Release|Any CPU.Build.0 = Release|Any CPU
		{F9D71BA9-CB39-4786-BB6F-460007E68FE8}.Debug|Any CPU.ActiveCfg = Debug|Any CPU
		{F9D71BA9-CB39-4786-BB6F-460007E68FE8}.Debug|Any CPU.Build.0 = Debug|Any CPU
		{F9D71BA9-CB39-4786-BB6F-460007E68FE8}.Release|Any CPU.ActiveCfg = Release|Any CPU
		{F9D71BA9-CB39-4786-BB6F-460007E68FE8}.Release|Any CPU.Build.0 = Release|Any CPU
		{16E82A5E-ECAA-4B0E-A6A0-9725B88DA840}.Debug|Any CPU.ActiveCfg = Debug|Any CPU
		{16E82A5E-ECAA-4B0E-A6A0-9725B88DA840}.Debug|Any CPU.Build.0 = Debug|Any CPU
		{16E82A5E-ECAA-4B0E-A6A0-9725B88DA840}.Release|Any CPU.ActiveCfg = Release|Any CPU
		{16E82A5E-ECAA-4B0E-A6A0-9725B88DA840}.Release|Any CPU.Build.0 = Release|Any CPU
		{E4C15112-040A-4656-9AB4-811C4A3F5E28}.Debug|Any CPU.ActiveCfg = Debug|Any CPU
		{E4C15112-040A-4656-9AB4-811C4A3F5E28}.Debug|Any CPU.Build.0 = Debug|Any CPU
		{E4C15112-040A-4656-9AB4-811C4A3F5E28}.Release|Any CPU.ActiveCfg = Release|Any CPU
		{E4C15112-040A-4656-9AB4-811C4A3F5E28}.Release|Any CPU.Build.0 = Release|Any CPU
		{67ED0F60-80D0-434D-8DB0-62462129A420}.Debug|Any CPU.ActiveCfg = Debug|Any CPU
		{67ED0F60-80D0-434D-8DB0-62462129A420}.Debug|Any CPU.Build.0 = Debug|Any CPU
		{67ED0F60-80D0-434D-8DB0-62462129A420}.Release|Any CPU.ActiveCfg = Release|Any CPU
		{67ED0F60-80D0-434D-8DB0-62462129A420}.Release|Any CPU.Build.0 = Release|Any CPU
		{39CAEFC9-DF97-4693-B4B5-AF1535246E9C}.Debug|Any CPU.ActiveCfg = Debug|Any CPU
		{39CAEFC9-DF97-4693-B4B5-AF1535246E9C}.Debug|Any CPU.Build.0 = Debug|Any CPU
		{39CAEFC9-DF97-4693-B4B5-AF1535246E9C}.Release|Any CPU.ActiveCfg = Release|Any CPU
		{39CAEFC9-DF97-4693-B4B5-AF1535246E9C}.Release|Any CPU.Build.0 = Release|Any CPU
		{BFB341A7-7E61-4C31-B1B3-A8D6F3E98693}.Debug|Any CPU.ActiveCfg = Debug|Any CPU
		{BFB341A7-7E61-4C31-B1B3-A8D6F3E98693}.Debug|Any CPU.Build.0 = Debug|Any CPU
		{BFB341A7-7E61-4C31-B1B3-A8D6F3E98693}.Release|Any CPU.ActiveCfg = Release|Any CPU
		{BFB341A7-7E61-4C31-B1B3-A8D6F3E98693}.Release|Any CPU.Build.0 = Release|Any CPU
		{6D2DFFA7-4D77-495B-9B77-CFD8D12C4379}.Debug|Any CPU.ActiveCfg = Debug|Any CPU
		{6D2DFFA7-4D77-495B-9B77-CFD8D12C4379}.Debug|Any CPU.Build.0 = Debug|Any CPU
		{6D2DFFA7-4D77-495B-9B77-CFD8D12C4379}.Release|Any CPU.ActiveCfg = Release|Any CPU
		{6D2DFFA7-4D77-495B-9B77-CFD8D12C4379}.Release|Any CPU.Build.0 = Release|Any CPU
		{F28A8C2B-FAD8-431B-8E3F-210318612A65}.Debug|Any CPU.ActiveCfg = Debug|Any CPU
		{F28A8C2B-FAD8-431B-8E3F-210318612A65}.Debug|Any CPU.Build.0 = Debug|Any CPU
		{F28A8C2B-FAD8-431B-8E3F-210318612A65}.Release|Any CPU.ActiveCfg = Release|Any CPU
		{F28A8C2B-FAD8-431B-8E3F-210318612A65}.Release|Any CPU.Build.0 = Release|Any CPU
	EndGlobalSection
	GlobalSection(SolutionProperties) = preSolution
		HideSolutionNode = FALSE
	EndGlobalSection
	GlobalSection(NestedProjects) = preSolution
		{03214D78-0E18-46B4-AFE1-19C06D5D27AC} = {4221A031-3665-41E5-8017-D499ED8F7A31}
		{A447ECFD-D0DA-40A2-915A-3A5A8580A003} = {A6613CAF-30A7-471B-A661-52D34D481943}
		{EB610B2F-BC65-4488-9EE3-D907245F8EBC} = {A6613CAF-30A7-471B-A661-52D34D481943}
		{B359F45F-0538-48F2-9C82-058675B08F59} = {A6613CAF-30A7-471B-A661-52D34D481943}
		{89622E04-C7E2-4B67-B535-6F3D25FA7BDC} = {A6613CAF-30A7-471B-A661-52D34D481943}
		{F9D71BA9-CB39-4786-BB6F-460007E68FE8} = {03214D78-0E18-46B4-AFE1-19C06D5D27AC}
		{1E993341-DFAF-4959-BD2E-79989A24A3EB} = {4221A031-3665-41E5-8017-D499ED8F7A31}
		{16E82A5E-ECAA-4B0E-A6A0-9725B88DA840} = {1E993341-DFAF-4959-BD2E-79989A24A3EB}
		{E4C15112-040A-4656-9AB4-811C4A3F5E28} = {03214D78-0E18-46B4-AFE1-19C06D5D27AC}
		{67ED0F60-80D0-434D-8DB0-62462129A420} = {1E993341-DFAF-4959-BD2E-79989A24A3EB}
		{DAFD73DB-D761-4C98-9D9C-A06AD76DA3A4} = {4221A031-3665-41E5-8017-D499ED8F7A31}
		{39CAEFC9-DF97-4693-B4B5-AF1535246E9C} = {1E993341-DFAF-4959-BD2E-79989A24A3EB}
		{BFB341A7-7E61-4C31-B1B3-A8D6F3E98693} = {DAFD73DB-D761-4C98-9D9C-A06AD76DA3A4}
		{6D2DFFA7-4D77-495B-9B77-CFD8D12C4379} = {A6613CAF-30A7-471B-A661-52D34D481943}
		{F28A8C2B-FAD8-431B-8E3F-210318612A65} = {A6613CAF-30A7-471B-A661-52D34D481943}
	EndGlobalSection
	GlobalSection(ExtensibilityGlobals) = postSolution
		SolutionGuid = {88D9F8A4-8F8A-4E03-A92F-34BCFF26A09D}
	EndGlobalSection
EndGlobal
